// !$*UTF8*$!
{
	archiveVersion = 1;
	classes = {
	};
	objectVersion = 55;
	objects = {

/* Begin PBXBuildFile section */
		200672D2279D018500BA9C48 /* PhotoAssetImage.swift in Sources */ = {isa = PBXBuildFile; fileRef = 200672D1279D018500BA9C48 /* PhotoAssetImage.swift */; };
		200672D3279D018500BA9C48 /* PhotoAssetImage.swift in Sources */ = {isa = PBXBuildFile; fileRef = 200672D1279D018500BA9C48 /* PhotoAssetImage.swift */; };
		201C2AC9279BDC47006B135B /* String+Extension.swift in Sources */ = {isa = PBXBuildFile; fileRef = 201C2AC8279BDC47006B135B /* String+Extension.swift */; };
		201C2ACD279CA5FE006B135B /* FetchedResults+Extension.swift in Sources */ = {isa = PBXBuildFile; fileRef = 201C2ACC279CA5FE006B135B /* FetchedResults+Extension.swift */; };
		201C2AD0279CB4F9006B135B /* Photo+Extension.swift in Sources */ = {isa = PBXBuildFile; fileRef = 201C2ACF279CB4F9006B135B /* Photo+Extension.swift */; };
		2026C51527A2762C00310E9F /* AssetCopyButton.swift in Sources */ = {isa = PBXBuildFile; fileRef = 2026C51427A2762C00310E9F /* AssetCopyButton.swift */; };
		2026C51627A2762C00310E9F /* AssetCopyButton.swift in Sources */ = {isa = PBXBuildFile; fileRef = 2026C51427A2762C00310E9F /* AssetCopyButton.swift */; };
		2026C51B27A27CAE00310E9F /* PhotoAssetListPage+.swift in Sources */ = {isa = PBXBuildFile; fileRef = 2026C51A27A27CAE00310E9F /* PhotoAssetListPage+.swift */; };
		2026C51C27A27CAE00310E9F /* PhotoAssetListPage+.swift in Sources */ = {isa = PBXBuildFile; fileRef = 2026C51A27A27CAE00310E9F /* PhotoAssetListPage+.swift */; };
		2026C51E27A2861500310E9F /* PhotoAssetSelectGrid.swift in Sources */ = {isa = PBXBuildFile; fileRef = 2026C51D27A2861500310E9F /* PhotoAssetSelectGrid.swift */; };
		2026C51F27A2861500310E9F /* PhotoAssetSelectGrid.swift in Sources */ = {isa = PBXBuildFile; fileRef = 2026C51D27A2861500310E9F /* PhotoAssetSelectGrid.swift */; };
		2026C52127A286AA00310E9F /* PhotoAssetSelectImage.swift in Sources */ = {isa = PBXBuildFile; fileRef = 2026C52027A286AA00310E9F /* PhotoAssetSelectImage.swift */; };
		2026C52227A286AA00310E9F /* PhotoAssetSelectImage.swift in Sources */ = {isa = PBXBuildFile; fileRef = 2026C52027A286AA00310E9F /* PhotoAssetSelectImage.swift */; };
		2026C52427A28BFD00310E9F /* AssetSection.swift in Sources */ = {isa = PBXBuildFile; fileRef = 2026C52327A28BFD00310E9F /* AssetSection.swift */; };
		2026C52527A28BFD00310E9F /* AssetSection.swift in Sources */ = {isa = PBXBuildFile; fileRef = 2026C52327A28BFD00310E9F /* AssetSection.swift */; };
		2059463D279D335800F5726C /* AlertError.swift in Sources */ = {isa = PBXBuildFile; fileRef = 2059463C279D335800F5726C /* AlertError.swift */; };
		2059463E279D335800F5726C /* AlertError.swift in Sources */ = {isa = PBXBuildFile; fileRef = 2059463C279D335800F5726C /* AlertError.swift */; };
		20594640279D35E100F5726C /* Tag+Extension.swift in Sources */ = {isa = PBXBuildFile; fileRef = 2059463F279D35E100F5726C /* Tag+Extension.swift */; };
		20594641279D35E100F5726C /* Tag+Extension.swift in Sources */ = {isa = PBXBuildFile; fileRef = 2059463F279D35E100F5726C /* Tag+Extension.swift */; };
		20594650279D6DBC00F5726C /* AsyncAssetImage.swift in Sources */ = {isa = PBXBuildFile; fileRef = 2059464F279D6DBC00F5726C /* AsyncAssetImage.swift */; };
		20594651279D6DBC00F5726C /* AsyncAssetImage.swift in Sources */ = {isa = PBXBuildFile; fileRef = 2059464F279D6DBC00F5726C /* AsyncAssetImage.swift */; };
		20594654279D85EC00F5726C /* ActivityView.swift in Sources */ = {isa = PBXBuildFile; fileRef = 20594653279D85EC00F5726C /* ActivityView.swift */; };
		20594655279D85EC00F5726C /* ActivityView.swift in Sources */ = {isa = PBXBuildFile; fileRef = 20594653279D85EC00F5726C /* ActivityView.swift */; };
		20594657279E332000F5726C /* PhotoAssetAlbumList.swift in Sources */ = {isa = PBXBuildFile; fileRef = 20594656279E332000F5726C /* PhotoAssetAlbumList.swift */; };
		20594658279E332000F5726C /* PhotoAssetAlbumList.swift in Sources */ = {isa = PBXBuildFile; fileRef = 20594656279E332000F5726C /* PhotoAssetAlbumList.swift */; };
		2059465E279E33A800F5726C /* Asset.swift in Sources */ = {isa = PBXBuildFile; fileRef = 2059465D279E33A800F5726C /* Asset.swift */; };
		2059465F279E33A800F5726C /* Asset.swift in Sources */ = {isa = PBXBuildFile; fileRef = 2059465D279E33A800F5726C /* Asset.swift */; };
		20594661279E390C00F5726C /* PhotoAssetGrid.swift in Sources */ = {isa = PBXBuildFile; fileRef = 20594660279E390C00F5726C /* PhotoAssetGrid.swift */; };
		20594662279E390C00F5726C /* PhotoAssetGrid.swift in Sources */ = {isa = PBXBuildFile; fileRef = 20594660279E390C00F5726C /* PhotoAssetGrid.swift */; };
		2086F765279AD67600BBA8D4 /* Photomark.xcdatamodeld in Sources */ = {isa = PBXBuildFile; fileRef = 2086F752279AD67600BBA8D4 /* Photomark.xcdatamodeld */; };
		2086F766279AD67600BBA8D4 /* Photomark.xcdatamodeld in Sources */ = {isa = PBXBuildFile; fileRef = 2086F752279AD67600BBA8D4 /* Photomark.xcdatamodeld */; };
		2086F767279AD67600BBA8D4 /* PhotomarkApp.swift in Sources */ = {isa = PBXBuildFile; fileRef = 2086F754279AD67600BBA8D4 /* PhotomarkApp.swift */; };
		2086F768279AD67600BBA8D4 /* PhotomarkApp.swift in Sources */ = {isa = PBXBuildFile; fileRef = 2086F754279AD67600BBA8D4 /* PhotomarkApp.swift */; };
		2086F769279AD67600BBA8D4 /* PhotoAssetListPage.swift in Sources */ = {isa = PBXBuildFile; fileRef = 2086F755279AD67600BBA8D4 /* PhotoAssetListPage.swift */; };
		2086F76A279AD67600BBA8D4 /* PhotoAssetListPage.swift in Sources */ = {isa = PBXBuildFile; fileRef = 2086F755279AD67600BBA8D4 /* PhotoAssetListPage.swift */; };
		2086F76B279AD67600BBA8D4 /* Persistence.swift in Sources */ = {isa = PBXBuildFile; fileRef = 2086F756279AD67600BBA8D4 /* Persistence.swift */; };
		2086F76C279AD67600BBA8D4 /* Persistence.swift in Sources */ = {isa = PBXBuildFile; fileRef = 2086F756279AD67600BBA8D4 /* Persistence.swift */; };
		2086F76D279AD67600BBA8D4 /* Assets.xcassets in Resources */ = {isa = PBXBuildFile; fileRef = 2086F757279AD67600BBA8D4 /* Assets.xcassets */; };
		2086F76E279AD67600BBA8D4 /* Assets.xcassets in Resources */ = {isa = PBXBuildFile; fileRef = 2086F757279AD67600BBA8D4 /* Assets.xcassets */; };
		2086F785279AFA9300BBA8D4 /* CoreDataModelFactory.swift in Sources */ = {isa = PBXBuildFile; fileRef = 2086F784279AFA9300BBA8D4 /* CoreDataModelFactory.swift */; };
		2086F786279AFA9300BBA8D4 /* CoreDataModelFactory.swift in Sources */ = {isa = PBXBuildFile; fileRef = 2086F784279AFA9300BBA8D4 /* CoreDataModelFactory.swift */; };
		2086F788279AFD4C00BBA8D4 /* PhotoLibrary.swift in Sources */ = {isa = PBXBuildFile; fileRef = 2086F787279AFD4C00BBA8D4 /* PhotoLibrary.swift */; };
		2086F789279AFD4C00BBA8D4 /* PhotoLibrary.swift in Sources */ = {isa = PBXBuildFile; fileRef = 2086F787279AFD4C00BBA8D4 /* PhotoLibrary.swift */; };
		2086F78B279B6D9900BBA8D4 /* PHAsset+Extension.swift in Sources */ = {isa = PBXBuildFile; fileRef = 2086F78A279B6D9900BBA8D4 /* PHAsset+Extension.swift */; };
		2086F78C279B6D9900BBA8D4 /* PHAsset+Extension.swift in Sources */ = {isa = PBXBuildFile; fileRef = 2086F78A279B6D9900BBA8D4 /* PHAsset+Extension.swift */; };
		2086F795279B8C6C00BBA8D4 /* GridAssetImageGeometryReader.swift in Sources */ = {isa = PBXBuildFile; fileRef = 2086F794279B8C6C00BBA8D4 /* GridAssetImageGeometryReader.swift */; };
		2086F796279B8C6C00BBA8D4 /* GridAssetImageGeometryReader.swift in Sources */ = {isa = PBXBuildFile; fileRef = 2086F794279B8C6C00BBA8D4 /* GridAssetImageGeometryReader.swift */; };
		2086F7C7279BCEB300BBA8D4 /* PhotoDetailPage.swift in Sources */ = {isa = PBXBuildFile; fileRef = 2086F7C6279BCEB300BBA8D4 /* PhotoDetailPage.swift */; };
		2086F7C8279BCEB300BBA8D4 /* PhotoDetailPage.swift in Sources */ = {isa = PBXBuildFile; fileRef = 2086F7C6279BCEB300BBA8D4 /* PhotoDetailPage.swift */; };
		2086F7CB279BCFAC00BBA8D4 /* TagLine.swift in Sources */ = {isa = PBXBuildFile; fileRef = 2086F7CA279BCFAC00BBA8D4 /* TagLine.swift */; };
		2086F7CC279BCFAC00BBA8D4 /* TagLine.swift in Sources */ = {isa = PBXBuildFile; fileRef = 2086F7CA279BCFAC00BBA8D4 /* TagLine.swift */; };
		2086F7CF279BDA2800BBA8D4 /* ErrorHandleModifier.swift in Sources */ = {isa = PBXBuildFile; fileRef = 2086F7CE279BDA2800BBA8D4 /* ErrorHandleModifier.swift */; };
		2086F7D0279BDA2800BBA8D4 /* ErrorHandleModifier.swift in Sources */ = {isa = PBXBuildFile; fileRef = 2086F7CE279BDA2800BBA8D4 /* ErrorHandleModifier.swift */; };
		2086F7D2279BDA3C00BBA8D4 /* IdentifiableError.swift in Sources */ = {isa = PBXBuildFile; fileRef = 2086F7D1279BDA3C00BBA8D4 /* IdentifiableError.swift */; };
		2086F7D3279BDA3C00BBA8D4 /* IdentifiableError.swift in Sources */ = {isa = PBXBuildFile; fileRef = 2086F7D1279BDA3C00BBA8D4 /* IdentifiableError.swift */; };
		2095BC0227A02544008998A2 /* AssetDownloadButton.swift in Sources */ = {isa = PBXBuildFile; fileRef = 2095BC0127A02544008998A2 /* AssetDownloadButton.swift */; };
		2095BC0327A02544008998A2 /* AssetDownloadButton.swift in Sources */ = {isa = PBXBuildFile; fileRef = 2095BC0127A02544008998A2 /* AssetDownloadButton.swift */; };
		20960C2627A6849F00D6E4F6 /* ApplyTagPage.swift in Sources */ = {isa = PBXBuildFile; fileRef = 20960C2527A6849F00D6E4F6 /* ApplyTagPage.swift */; };
/* End PBXBuildFile section */

/* Begin PBXFileReference section */
		200672D1279D018500BA9C48 /* PhotoAssetImage.swift */ = {isa = PBXFileReference; lastKnownFileType = sourcecode.swift; path = PhotoAssetImage.swift; sourceTree = "<group>"; };
		201C2AC8279BDC47006B135B /* String+Extension.swift */ = {isa = PBXFileReference; lastKnownFileType = sourcecode.swift; path = "String+Extension.swift"; sourceTree = "<group>"; };
		201C2ACC279CA5FE006B135B /* FetchedResults+Extension.swift */ = {isa = PBXFileReference; lastKnownFileType = sourcecode.swift; path = "FetchedResults+Extension.swift"; sourceTree = "<group>"; };
		201C2ACF279CB4F9006B135B /* Photo+Extension.swift */ = {isa = PBXFileReference; lastKnownFileType = sourcecode.swift; path = "Photo+Extension.swift"; sourceTree = "<group>"; };
		2026C51427A2762C00310E9F /* AssetCopyButton.swift */ = {isa = PBXFileReference; lastKnownFileType = sourcecode.swift; path = AssetCopyButton.swift; sourceTree = "<group>"; };
		2026C51A27A27CAE00310E9F /* PhotoAssetListPage+.swift */ = {isa = PBXFileReference; lastKnownFileType = sourcecode.swift; path = "PhotoAssetListPage+.swift"; sourceTree = "<group>"; };
		2026C51D27A2861500310E9F /* PhotoAssetSelectGrid.swift */ = {isa = PBXFileReference; lastKnownFileType = sourcecode.swift; path = PhotoAssetSelectGrid.swift; sourceTree = "<group>"; };
		2026C52027A286AA00310E9F /* PhotoAssetSelectImage.swift */ = {isa = PBXFileReference; lastKnownFileType = sourcecode.swift; path = PhotoAssetSelectImage.swift; sourceTree = "<group>"; };
		2026C52327A28BFD00310E9F /* AssetSection.swift */ = {isa = PBXFileReference; lastKnownFileType = sourcecode.swift; path = AssetSection.swift; sourceTree = "<group>"; };
		2059463C279D335800F5726C /* AlertError.swift */ = {isa = PBXFileReference; lastKnownFileType = sourcecode.swift; path = AlertError.swift; sourceTree = "<group>"; };
		2059463F279D35E100F5726C /* Tag+Extension.swift */ = {isa = PBXFileReference; lastKnownFileType = sourcecode.swift; path = "Tag+Extension.swift"; sourceTree = "<group>"; };
		2059464F279D6DBC00F5726C /* AsyncAssetImage.swift */ = {isa = PBXFileReference; lastKnownFileType = sourcecode.swift; path = AsyncAssetImage.swift; sourceTree = "<group>"; };
		20594653279D85EC00F5726C /* ActivityView.swift */ = {isa = PBXFileReference; lastKnownFileType = sourcecode.swift; path = ActivityView.swift; sourceTree = "<group>"; };
		20594656279E332000F5726C /* PhotoAssetAlbumList.swift */ = {isa = PBXFileReference; lastKnownFileType = sourcecode.swift; path = PhotoAssetAlbumList.swift; sourceTree = "<group>"; };
		2059465D279E33A800F5726C /* Asset.swift */ = {isa = PBXFileReference; lastKnownFileType = sourcecode.swift; path = Asset.swift; sourceTree = "<group>"; };
		20594660279E390C00F5726C /* PhotoAssetGrid.swift */ = {isa = PBXFileReference; lastKnownFileType = sourcecode.swift; path = PhotoAssetGrid.swift; sourceTree = "<group>"; };
		2086F753279AD67600BBA8D4 /* Shared.xcdatamodel */ = {isa = PBXFileReference; lastKnownFileType = wrapper.xcdatamodel; path = Shared.xcdatamodel; sourceTree = "<group>"; };
		2086F754279AD67600BBA8D4 /* PhotomarkApp.swift */ = {isa = PBXFileReference; lastKnownFileType = sourcecode.swift; path = PhotomarkApp.swift; sourceTree = "<group>"; };
		2086F755279AD67600BBA8D4 /* PhotoAssetListPage.swift */ = {isa = PBXFileReference; lastKnownFileType = sourcecode.swift; path = PhotoAssetListPage.swift; sourceTree = "<group>"; };
		2086F756279AD67600BBA8D4 /* Persistence.swift */ = {isa = PBXFileReference; lastKnownFileType = sourcecode.swift; path = Persistence.swift; sourceTree = "<group>"; };
		2086F757279AD67600BBA8D4 /* Assets.xcassets */ = {isa = PBXFileReference; lastKnownFileType = folder.assetcatalog; path = Assets.xcassets; sourceTree = "<group>"; };
		2086F75C279AD67600BBA8D4 /* Photomark.app */ = {isa = PBXFileReference; explicitFileType = wrapper.application; includeInIndex = 0; path = Photomark.app; sourceTree = BUILT_PRODUCTS_DIR; };
		2086F762279AD67600BBA8D4 /* Photomark.app */ = {isa = PBXFileReference; explicitFileType = wrapper.application; includeInIndex = 0; path = Photomark.app; sourceTree = BUILT_PRODUCTS_DIR; };
		2086F764279AD67600BBA8D4 /* macOS.entitlements */ = {isa = PBXFileReference; lastKnownFileType = text.plist.entitlements; path = macOS.entitlements; sourceTree = "<group>"; };
		2086F784279AFA9300BBA8D4 /* CoreDataModelFactory.swift */ = {isa = PBXFileReference; lastKnownFileType = sourcecode.swift; path = CoreDataModelFactory.swift; sourceTree = "<group>"; };
		2086F787279AFD4C00BBA8D4 /* PhotoLibrary.swift */ = {isa = PBXFileReference; lastKnownFileType = sourcecode.swift; path = PhotoLibrary.swift; sourceTree = "<group>"; };
		2086F78A279B6D9900BBA8D4 /* PHAsset+Extension.swift */ = {isa = PBXFileReference; lastKnownFileType = sourcecode.swift; path = "PHAsset+Extension.swift"; sourceTree = "<group>"; };
		2086F794279B8C6C00BBA8D4 /* GridAssetImageGeometryReader.swift */ = {isa = PBXFileReference; lastKnownFileType = sourcecode.swift; path = GridAssetImageGeometryReader.swift; sourceTree = "<group>"; };
		2086F7C6279BCEB300BBA8D4 /* PhotoDetailPage.swift */ = {isa = PBXFileReference; lastKnownFileType = sourcecode.swift; path = PhotoDetailPage.swift; sourceTree = "<group>"; };
		2086F7CA279BCFAC00BBA8D4 /* TagLine.swift */ = {isa = PBXFileReference; lastKnownFileType = sourcecode.swift; path = TagLine.swift; sourceTree = "<group>"; };
		2086F7CE279BDA2800BBA8D4 /* ErrorHandleModifier.swift */ = {isa = PBXFileReference; lastKnownFileType = sourcecode.swift; path = ErrorHandleModifier.swift; sourceTree = "<group>"; };
		2086F7D1279BDA3C00BBA8D4 /* IdentifiableError.swift */ = {isa = PBXFileReference; lastKnownFileType = sourcecode.swift; path = IdentifiableError.swift; sourceTree = "<group>"; };
		2095BC0127A02544008998A2 /* AssetDownloadButton.swift */ = {isa = PBXFileReference; lastKnownFileType = sourcecode.swift; path = AssetDownloadButton.swift; sourceTree = "<group>"; };
		20960C2527A6849F00D6E4F6 /* ApplyTagPage.swift */ = {isa = PBXFileReference; lastKnownFileType = sourcecode.swift; path = ApplyTagPage.swift; sourceTree = "<group>"; };
/* End PBXFileReference section */

/* Begin PBXFrameworksBuildPhase section */
		2086F759279AD67600BBA8D4 /* Frameworks */ = {
			isa = PBXFrameworksBuildPhase;
			buildActionMask = 2147483647;
			files = (
			);
			runOnlyForDeploymentPostprocessing = 0;
		};
		2086F75F279AD67600BBA8D4 /* Frameworks */ = {
			isa = PBXFrameworksBuildPhase;
			buildActionMask = 2147483647;
			files = (
			);
			runOnlyForDeploymentPostprocessing = 0;
		};
/* End PBXFrameworksBuildPhase section */

/* Begin PBXGroup section */
		200672D0279D000B00BA9C48 /* PhotoAssetList */ = {
			isa = PBXGroup;
			children = (
				2026C52827A36BA000310E9F /* Entity */,
				2026C52627A36B7A00310E9F /* Components */,
				2086F755279AD67600BBA8D4 /* PhotoAssetListPage.swift */,
				2026C51A27A27CAE00310E9F /* PhotoAssetListPage+.swift */,
				20594660279E390C00F5726C /* PhotoAssetGrid.swift */,
				200672D1279D018500BA9C48 /* PhotoAssetImage.swift */,
			);
			path = PhotoAssetList;
			sourceTree = "<group>";
		};
		201C2AC7279BDC41006B135B /* StdLib */ = {
			isa = PBXGroup;
			children = (
				201C2AC8279BDC47006B135B /* String+Extension.swift */,
				201C2ACC279CA5FE006B135B /* FetchedResults+Extension.swift */,
			);
			path = StdLib;
			sourceTree = "<group>";
		};
		201C2ACE279CB4EB006B135B /* Entity */ = {
			isa = PBXGroup;
			children = (
				20594659279E338B00F5726C /* Extensions */,
				2059465D279E33A800F5726C /* Asset.swift */,
			);
			path = Entity;
			sourceTree = "<group>";
		};
		2026C52627A36B7A00310E9F /* Components */ = {
			isa = PBXGroup;
			children = (
				2026C52927A36BB100310E9F /* Album */,
				2026C52727A36B9800310E9F /* Select */,
			);
			path = Components;
			sourceTree = "<group>";
		};
		2026C52727A36B9800310E9F /* Select */ = {
			isa = PBXGroup;
			children = (
				2026C51D27A2861500310E9F /* PhotoAssetSelectGrid.swift */,
				2026C52027A286AA00310E9F /* PhotoAssetSelectImage.swift */,
			);
			path = Select;
			sourceTree = "<group>";
		};
		2026C52827A36BA000310E9F /* Entity */ = {
			isa = PBXGroup;
			children = (
				2026C52327A28BFD00310E9F /* AssetSection.swift */,
			);
			path = Entity;
			sourceTree = "<group>";
		};
		2026C52927A36BB100310E9F /* Album */ = {
			isa = PBXGroup;
			children = (
				20594656279E332000F5726C /* PhotoAssetAlbumList.swift */,
			);
			path = Album;
			sourceTree = "<group>";
		};
		20594652279D85E700F5726C /* Activity */ = {
			isa = PBXGroup;
			children = (
				20594653279D85EC00F5726C /* ActivityView.swift */,
			);
			path = Activity;
			sourceTree = "<group>";
		};
		20594659279E338B00F5726C /* Extensions */ = {
			isa = PBXGroup;
			children = (
				2086F784279AFA9300BBA8D4 /* CoreDataModelFactory.swift */,
				201C2ACF279CB4F9006B135B /* Photo+Extension.swift */,
				2059463F279D35E100F5726C /* Tag+Extension.swift */,
			);
			path = Extensions;
			sourceTree = "<group>";
		};
		2086F74C279AD67600BBA8D4 = {
			isa = PBXGroup;
			children = (
				2086F751279AD67600BBA8D4 /* Shared */,
				2086F763279AD67600BBA8D4 /* macOS */,
				2086F75D279AD67600BBA8D4 /* Products */,
			);
			indentWidth = 2;
			sourceTree = "<group>";
			tabWidth = 2;
		};
		2086F751279AD67600BBA8D4 /* Shared */ = {
			isa = PBXGroup;
			children = (
				20960C2427A6849700D6E4F6 /* ApplyTag */,
				20594652279D85E700F5726C /* Activity */,
				201C2ACE279CB4EB006B135B /* Entity */,
				201C2AC7279BDC41006B135B /* StdLib */,
				2086F7CD279BDA2100BBA8D4 /* Error */,
				2086F7C9279BCFA700BBA8D4 /* Tag */,
				2086F7C2279BBF9200BBA8D4 /* PhotoLibrary */,
				2086F793279B8C6600BBA8D4 /* Components */,
				2086F754279AD67600BBA8D4 /* PhotomarkApp.swift */,
				200672D0279D000B00BA9C48 /* PhotoAssetList */,
				2086F7C6279BCEB300BBA8D4 /* PhotoDetailPage.swift */,
				2086F756279AD67600BBA8D4 /* Persistence.swift */,
				2086F757279AD67600BBA8D4 /* Assets.xcassets */,
				2086F752279AD67600BBA8D4 /* Photomark.xcdatamodeld */,
			);
			path = Shared;
			sourceTree = "<group>";
		};
		2086F75D279AD67600BBA8D4 /* Products */ = {
			isa = PBXGroup;
			children = (
				2086F75C279AD67600BBA8D4 /* Photomark.app */,
				2086F762279AD67600BBA8D4 /* Photomark.app */,
			);
			name = Products;
			sourceTree = "<group>";
		};
		2086F763279AD67600BBA8D4 /* macOS */ = {
			isa = PBXGroup;
			children = (
				2086F764279AD67600BBA8D4 /* macOS.entitlements */,
			);
			path = macOS;
			sourceTree = "<group>";
		};
		2086F793279B8C6600BBA8D4 /* Components */ = {
			isa = PBXGroup;
			children = (
				2086F794279B8C6C00BBA8D4 /* GridAssetImageGeometryReader.swift */,
				2059464F279D6DBC00F5726C /* AsyncAssetImage.swift */,
				2095BC0127A02544008998A2 /* AssetDownloadButton.swift */,
				2026C51427A2762C00310E9F /* AssetCopyButton.swift */,
			);
			path = Components;
			sourceTree = "<group>";
		};
		2086F7C2279BBF9200BBA8D4 /* PhotoLibrary */ = {
			isa = PBXGroup;
			children = (
				2086F787279AFD4C00BBA8D4 /* PhotoLibrary.swift */,
				2086F78A279B6D9900BBA8D4 /* PHAsset+Extension.swift */,
			);
			path = PhotoLibrary;
			sourceTree = "<group>";
		};
		2086F7C9279BCFA700BBA8D4 /* Tag */ = {
			isa = PBXGroup;
			children = (
				2086F7CA279BCFAC00BBA8D4 /* TagLine.swift */,
			);
			path = Tag;
			sourceTree = "<group>";
		};
		2086F7CD279BDA2100BBA8D4 /* Error */ = {
			isa = PBXGroup;
			children = (
				2086F7CE279BDA2800BBA8D4 /* ErrorHandleModifier.swift */,
				2086F7D1279BDA3C00BBA8D4 /* IdentifiableError.swift */,
				2059463C279D335800F5726C /* AlertError.swift */,
			);
			path = Error;
			sourceTree = "<group>";
		};
		20960C2427A6849700D6E4F6 /* ApplyTag */ = {
			isa = PBXGroup;
			children = (
				20960C2527A6849F00D6E4F6 /* ApplyTagPage.swift */,
			);
			path = ApplyTag;
			sourceTree = "<group>";
		};
/* End PBXGroup section */

/* Begin PBXNativeTarget section */
		2086F75B279AD67600BBA8D4 /* Photomark (iOS) */ = {
			isa = PBXNativeTarget;
			buildConfigurationList = 2086F771279AD67600BBA8D4 /* Build configuration list for PBXNativeTarget "Photomark (iOS)" */;
			buildPhases = (
				2086F758279AD67600BBA8D4 /* Sources */,
				2086F759279AD67600BBA8D4 /* Frameworks */,
				2086F75A279AD67600BBA8D4 /* Resources */,
			);
			buildRules = (
			);
			dependencies = (
			);
			name = "Photomark (iOS)";
			productName = "Photomark (iOS)";
			productReference = 2086F75C279AD67600BBA8D4 /* Photomark.app */;
			productType = "com.apple.product-type.application";
		};
		2086F761279AD67600BBA8D4 /* Photomark (macOS) */ = {
			isa = PBXNativeTarget;
			buildConfigurationList = 2086F774279AD67600BBA8D4 /* Build configuration list for PBXNativeTarget "Photomark (macOS)" */;
			buildPhases = (
				2086F75E279AD67600BBA8D4 /* Sources */,
				2086F75F279AD67600BBA8D4 /* Frameworks */,
				2086F760279AD67600BBA8D4 /* Resources */,
			);
			buildRules = (
			);
			dependencies = (
			);
			name = "Photomark (macOS)";
			productName = "Photomark (macOS)";
			productReference = 2086F762279AD67600BBA8D4 /* Photomark.app */;
			productType = "com.apple.product-type.application";
		};
/* End PBXNativeTarget section */

/* Begin PBXProject section */
		2086F74D279AD67600BBA8D4 /* Project object */ = {
			isa = PBXProject;
			attributes = {
				BuildIndependentTargetsInParallel = 1;
				LastSwiftUpdateCheck = 1310;
				LastUpgradeCheck = 1310;
				TargetAttributes = {
					2086F75B279AD67600BBA8D4 = {
						CreatedOnToolsVersion = 13.1;
					};
					2086F761279AD67600BBA8D4 = {
						CreatedOnToolsVersion = 13.1;
					};
				};
			};
			buildConfigurationList = 2086F750279AD67600BBA8D4 /* Build configuration list for PBXProject "Photomark" */;
			compatibilityVersion = "Xcode 13.0";
			developmentRegion = en;
			hasScannedForEncodings = 0;
			knownRegions = (
				en,
				Base,
			);
			mainGroup = 2086F74C279AD67600BBA8D4;
			productRefGroup = 2086F75D279AD67600BBA8D4 /* Products */;
			projectDirPath = "";
			projectRoot = "";
			targets = (
				2086F75B279AD67600BBA8D4 /* Photomark (iOS) */,
				2086F761279AD67600BBA8D4 /* Photomark (macOS) */,
			);
		};
/* End PBXProject section */

/* Begin PBXResourcesBuildPhase section */
		2086F75A279AD67600BBA8D4 /* Resources */ = {
			isa = PBXResourcesBuildPhase;
			buildActionMask = 2147483647;
			files = (
				2086F76D279AD67600BBA8D4 /* Assets.xcassets in Resources */,
			);
			runOnlyForDeploymentPostprocessing = 0;
		};
		2086F760279AD67600BBA8D4 /* Resources */ = {
			isa = PBXResourcesBuildPhase;
			buildActionMask = 2147483647;
			files = (
				2086F76E279AD67600BBA8D4 /* Assets.xcassets in Resources */,
			);
			runOnlyForDeploymentPostprocessing = 0;
		};
/* End PBXResourcesBuildPhase section */

/* Begin PBXSourcesBuildPhase section */
		2086F758279AD67600BBA8D4 /* Sources */ = {
			isa = PBXSourcesBuildPhase;
			buildActionMask = 2147483647;
			files = (
				2086F765279AD67600BBA8D4 /* Photomark.xcdatamodeld in Sources */,
				2086F7D2279BDA3C00BBA8D4 /* IdentifiableError.swift in Sources */,
				2086F795279B8C6C00BBA8D4 /* GridAssetImageGeometryReader.swift in Sources */,
				2086F76B279AD67600BBA8D4 /* Persistence.swift in Sources */,
				20594650279D6DBC00F5726C /* AsyncAssetImage.swift in Sources */,
				2026C52127A286AA00310E9F /* PhotoAssetSelectImage.swift in Sources */,
				2086F7CF279BDA2800BBA8D4 /* ErrorHandleModifier.swift in Sources */,
				2026C51B27A27CAE00310E9F /* PhotoAssetListPage+.swift in Sources */,
				200672D2279D018500BA9C48 /* PhotoAssetImage.swift in Sources */,
				201C2ACD279CA5FE006B135B /* FetchedResults+Extension.swift in Sources */,
				2086F785279AFA9300BBA8D4 /* CoreDataModelFactory.swift in Sources */,
				201C2AD0279CB4F9006B135B /* Photo+Extension.swift in Sources */,
				2086F7C7279BCEB300BBA8D4 /* PhotoDetailPage.swift in Sources */,
				2026C52427A28BFD00310E9F /* AssetSection.swift in Sources */,
				2026C51527A2762C00310E9F /* AssetCopyButton.swift in Sources */,
				2059463D279D335800F5726C /* AlertError.swift in Sources */,
				2095BC0227A02544008998A2 /* AssetDownloadButton.swift in Sources */,
				2086F78B279B6D9900BBA8D4 /* PHAsset+Extension.swift in Sources */,
				20960C2627A6849F00D6E4F6 /* ApplyTagPage.swift in Sources */,
				20594654279D85EC00F5726C /* ActivityView.swift in Sources */,
				20594657279E332000F5726C /* PhotoAssetAlbumList.swift in Sources */,
				20594640279D35E100F5726C /* Tag+Extension.swift in Sources */,
				2086F767279AD67600BBA8D4 /* PhotomarkApp.swift in Sources */,
				2086F7CB279BCFAC00BBA8D4 /* TagLine.swift in Sources */,
				2026C51E27A2861500310E9F /* PhotoAssetSelectGrid.swift in Sources */,
				2086F788279AFD4C00BBA8D4 /* PhotoLibrary.swift in Sources */,
				2059465E279E33A800F5726C /* Asset.swift in Sources */,
				201C2AC9279BDC47006B135B /* String+Extension.swift in Sources */,
				2086F769279AD67600BBA8D4 /* PhotoAssetListPage.swift in Sources */,
				20594661279E390C00F5726C /* PhotoAssetGrid.swift in Sources */,
			);
			runOnlyForDeploymentPostprocessing = 0;
		};
		2086F75E279AD67600BBA8D4 /* Sources */ = {
			isa = PBXSourcesBuildPhase;
			buildActionMask = 2147483647;
			files = (
				2086F766279AD67600BBA8D4 /* Photomark.xcdatamodeld in Sources */,
				20594651279D6DBC00F5726C /* AsyncAssetImage.swift in Sources */,
				2059465F279E33A800F5726C /* Asset.swift in Sources */,
				2086F7D3279BDA3C00BBA8D4 /* IdentifiableError.swift in Sources */,
				2086F796279B8C6C00BBA8D4 /* GridAssetImageGeometryReader.swift in Sources */,
				2086F76C279AD67600BBA8D4 /* Persistence.swift in Sources */,
				20594658279E332000F5726C /* PhotoAssetAlbumList.swift in Sources */,
				20594662279E390C00F5726C /* PhotoAssetGrid.swift in Sources */,
				2059463E279D335800F5726C /* AlertError.swift in Sources */,
				2086F7D0279BDA2800BBA8D4 /* ErrorHandleModifier.swift in Sources */,
				20594641279D35E100F5726C /* Tag+Extension.swift in Sources */,
				2095BC0327A02544008998A2 /* AssetDownloadButton.swift in Sources */,
				2026C52527A28BFD00310E9F /* AssetSection.swift in Sources */,
				2086F786279AFA9300BBA8D4 /* CoreDataModelFactory.swift in Sources */,
				2086F7C8279BCEB300BBA8D4 /* PhotoDetailPage.swift in Sources */,
				200672D3279D018500BA9C48 /* PhotoAssetImage.swift in Sources */,
				20594655279D85EC00F5726C /* ActivityView.swift in Sources */,
				2086F78C279B6D9900BBA8D4 /* PHAsset+Extension.swift in Sources */,
				2026C51F27A2861500310E9F /* PhotoAssetSelectGrid.swift in Sources */,
				2026C51C27A27CAE00310E9F /* PhotoAssetListPage+.swift in Sources */,
				2086F768279AD67600BBA8D4 /* PhotomarkApp.swift in Sources */,
				2086F7CC279BCFAC00BBA8D4 /* TagLine.swift in Sources */,
				2086F789279AFD4C00BBA8D4 /* PhotoLibrary.swift in Sources */,
				2026C52227A286AA00310E9F /* PhotoAssetSelectImage.swift in Sources */,
				2026C51627A2762C00310E9F /* AssetCopyButton.swift in Sources */,
				2086F76A279AD67600BBA8D4 /* PhotoAssetListPage.swift in Sources */,
			);
			runOnlyForDeploymentPostprocessing = 0;
		};
/* End PBXSourcesBuildPhase section */

/* Begin XCBuildConfiguration section */
		2086F76F279AD67600BBA8D4 /* Debug */ = {
			isa = XCBuildConfiguration;
			buildSettings = {
				ALWAYS_SEARCH_USER_PATHS = NO;
				CLANG_ANALYZER_NONNULL = YES;
				CLANG_ANALYZER_NUMBER_OBJECT_CONVERSION = YES_AGGRESSIVE;
				CLANG_CXX_LANGUAGE_STANDARD = "gnu++17";
				CLANG_CXX_LIBRARY = "libc++";
				CLANG_ENABLE_MODULES = YES;
				CLANG_ENABLE_OBJC_ARC = YES;
				CLANG_ENABLE_OBJC_WEAK = YES;
				CLANG_WARN_BLOCK_CAPTURE_AUTORELEASING = YES;
				CLANG_WARN_BOOL_CONVERSION = YES;
				CLANG_WARN_COMMA = YES;
				CLANG_WARN_CONSTANT_CONVERSION = YES;
				CLANG_WARN_DEPRECATED_OBJC_IMPLEMENTATIONS = YES;
				CLANG_WARN_DIRECT_OBJC_ISA_USAGE = YES_ERROR;
				CLANG_WARN_DOCUMENTATION_COMMENTS = YES;
				CLANG_WARN_EMPTY_BODY = YES;
				CLANG_WARN_ENUM_CONVERSION = YES;
				CLANG_WARN_INFINITE_RECURSION = YES;
				CLANG_WARN_INT_CONVERSION = YES;
				CLANG_WARN_NON_LITERAL_NULL_CONVERSION = YES;
				CLANG_WARN_OBJC_IMPLICIT_RETAIN_SELF = YES;
				CLANG_WARN_OBJC_LITERAL_CONVERSION = YES;
				CLANG_WARN_OBJC_ROOT_CLASS = YES_ERROR;
				CLANG_WARN_QUOTED_INCLUDE_IN_FRAMEWORK_HEADER = YES;
				CLANG_WARN_RANGE_LOOP_ANALYSIS = YES;
				CLANG_WARN_STRICT_PROTOTYPES = YES;
				CLANG_WARN_SUSPICIOUS_MOVE = YES;
				CLANG_WARN_UNGUARDED_AVAILABILITY = YES_AGGRESSIVE;
				CLANG_WARN_UNREACHABLE_CODE = YES;
				CLANG_WARN__DUPLICATE_METHOD_MATCH = YES;
				COPY_PHASE_STRIP = NO;
				DEBUG_INFORMATION_FORMAT = dwarf;
				ENABLE_STRICT_OBJC_MSGSEND = YES;
				ENABLE_TESTABILITY = YES;
				GCC_C_LANGUAGE_STANDARD = gnu11;
				GCC_DYNAMIC_NO_PIC = NO;
				GCC_NO_COMMON_BLOCKS = YES;
				GCC_OPTIMIZATION_LEVEL = 0;
				GCC_PREPROCESSOR_DEFINITIONS = (
					"DEBUG=1",
					"$(inherited)",
				);
				GCC_WARN_64_TO_32_BIT_CONVERSION = YES;
				GCC_WARN_ABOUT_RETURN_TYPE = YES_ERROR;
				GCC_WARN_UNDECLARED_SELECTOR = YES;
				GCC_WARN_UNINITIALIZED_AUTOS = YES_AGGRESSIVE;
				GCC_WARN_UNUSED_FUNCTION = YES;
				GCC_WARN_UNUSED_VARIABLE = YES;
				IPHONEOS_DEPLOYMENT_TARGET = 15.0;
				MACOSX_DEPLOYMENT_TARGET = 12.0;
				MTL_ENABLE_DEBUG_INFO = INCLUDE_SOURCE;
				MTL_FAST_MATH = YES;
				ONLY_ACTIVE_ARCH = YES;
				SWIFT_ACTIVE_COMPILATION_CONDITIONS = DEBUG;
				SWIFT_OPTIMIZATION_LEVEL = "-Onone";
			};
			name = Debug;
		};
		2086F770279AD67600BBA8D4 /* Release */ = {
			isa = XCBuildConfiguration;
			buildSettings = {
				ALWAYS_SEARCH_USER_PATHS = NO;
				CLANG_ANALYZER_NONNULL = YES;
				CLANG_ANALYZER_NUMBER_OBJECT_CONVERSION = YES_AGGRESSIVE;
				CLANG_CXX_LANGUAGE_STANDARD = "gnu++17";
				CLANG_CXX_LIBRARY = "libc++";
				CLANG_ENABLE_MODULES = YES;
				CLANG_ENABLE_OBJC_ARC = YES;
				CLANG_ENABLE_OBJC_WEAK = YES;
				CLANG_WARN_BLOCK_CAPTURE_AUTORELEASING = YES;
				CLANG_WARN_BOOL_CONVERSION = YES;
				CLANG_WARN_COMMA = YES;
				CLANG_WARN_CONSTANT_CONVERSION = YES;
				CLANG_WARN_DEPRECATED_OBJC_IMPLEMENTATIONS = YES;
				CLANG_WARN_DIRECT_OBJC_ISA_USAGE = YES_ERROR;
				CLANG_WARN_DOCUMENTATION_COMMENTS = YES;
				CLANG_WARN_EMPTY_BODY = YES;
				CLANG_WARN_ENUM_CONVERSION = YES;
				CLANG_WARN_INFINITE_RECURSION = YES;
				CLANG_WARN_INT_CONVERSION = YES;
				CLANG_WARN_NON_LITERAL_NULL_CONVERSION = YES;
				CLANG_WARN_OBJC_IMPLICIT_RETAIN_SELF = YES;
				CLANG_WARN_OBJC_LITERAL_CONVERSION = YES;
				CLANG_WARN_OBJC_ROOT_CLASS = YES_ERROR;
				CLANG_WARN_QUOTED_INCLUDE_IN_FRAMEWORK_HEADER = YES;
				CLANG_WARN_RANGE_LOOP_ANALYSIS = YES;
				CLANG_WARN_STRICT_PROTOTYPES = YES;
				CLANG_WARN_SUSPICIOUS_MOVE = YES;
				CLANG_WARN_UNGUARDED_AVAILABILITY = YES_AGGRESSIVE;
				CLANG_WARN_UNREACHABLE_CODE = YES;
				CLANG_WARN__DUPLICATE_METHOD_MATCH = YES;
				COPY_PHASE_STRIP = NO;
				DEBUG_INFORMATION_FORMAT = "dwarf-with-dsym";
				ENABLE_NS_ASSERTIONS = NO;
				ENABLE_STRICT_OBJC_MSGSEND = YES;
				GCC_C_LANGUAGE_STANDARD = gnu11;
				GCC_NO_COMMON_BLOCKS = YES;
				GCC_WARN_64_TO_32_BIT_CONVERSION = YES;
				GCC_WARN_ABOUT_RETURN_TYPE = YES_ERROR;
				GCC_WARN_UNDECLARED_SELECTOR = YES;
				GCC_WARN_UNINITIALIZED_AUTOS = YES_AGGRESSIVE;
				GCC_WARN_UNUSED_FUNCTION = YES;
				GCC_WARN_UNUSED_VARIABLE = YES;
				IPHONEOS_DEPLOYMENT_TARGET = 15.0;
				MACOSX_DEPLOYMENT_TARGET = 12.0;
				MTL_ENABLE_DEBUG_INFO = NO;
				MTL_FAST_MATH = YES;
				SWIFT_COMPILATION_MODE = wholemodule;
				SWIFT_OPTIMIZATION_LEVEL = "-O";
			};
			name = Release;
		};
		2086F772279AD67600BBA8D4 /* Debug */ = {
			isa = XCBuildConfiguration;
			buildSettings = {
				ASSETCATALOG_COMPILER_APPICON_NAME = AppIcon;
				ASSETCATALOG_COMPILER_GLOBAL_ACCENT_COLOR_NAME = AccentColor;
				CODE_SIGN_STYLE = Automatic;
				CURRENT_PROJECT_VERSION = 1;
				DEVELOPMENT_TEAM = TQPN82UBBY;
				ENABLE_PREVIEWS = YES;
				GENERATE_INFOPLIST_FILE = YES;
				INFOPLIST_KEY_NSPhotoLibraryUsageDescription = "タグ付けするために画像を取得します";
				INFOPLIST_KEY_UIApplicationSceneManifest_Generation = YES;
				INFOPLIST_KEY_UIApplicationSupportsIndirectInputEvents = YES;
				INFOPLIST_KEY_UILaunchScreen_Generation = YES;
				INFOPLIST_KEY_UISupportedInterfaceOrientations_iPad = "UIInterfaceOrientationPortrait UIInterfaceOrientationPortraitUpsideDown UIInterfaceOrientationLandscapeLeft UIInterfaceOrientationLandscapeRight";
				INFOPLIST_KEY_UISupportedInterfaceOrientations_iPhone = "UIInterfaceOrientationPortrait UIInterfaceOrientationLandscapeLeft UIInterfaceOrientationLandscapeRight";
				IPHONEOS_DEPLOYMENT_TARGET = 15.0;
				LD_RUNPATH_SEARCH_PATHS = (
					"$(inherited)",
					"@executable_path/Frameworks",
				);
				MARKETING_VERSION = 1.0;
				PRODUCT_BUNDLE_IDENTIFIER = com.bannzai.Photomark;
				PRODUCT_NAME = Photomark;
				SDKROOT = iphoneos;
				SWIFT_EMIT_LOC_STRINGS = YES;
				SWIFT_VERSION = 5.0;
				TARGETED_DEVICE_FAMILY = "1,2";
			};
			name = Debug;
		};
		2086F773279AD67600BBA8D4 /* Release */ = {
			isa = XCBuildConfiguration;
			buildSettings = {
				ASSETCATALOG_COMPILER_APPICON_NAME = AppIcon;
				ASSETCATALOG_COMPILER_GLOBAL_ACCENT_COLOR_NAME = AccentColor;
				CODE_SIGN_STYLE = Automatic;
				CURRENT_PROJECT_VERSION = 1;
				DEVELOPMENT_TEAM = TQPN82UBBY;
				ENABLE_PREVIEWS = YES;
				GENERATE_INFOPLIST_FILE = YES;
				INFOPLIST_KEY_NSPhotoLibraryUsageDescription = "タグ付けするために画像を取得します";
				INFOPLIST_KEY_UIApplicationSceneManifest_Generation = YES;
				INFOPLIST_KEY_UIApplicationSupportsIndirectInputEvents = YES;
				INFOPLIST_KEY_UILaunchScreen_Generation = YES;
				INFOPLIST_KEY_UISupportedInterfaceOrientations_iPad = "UIInterfaceOrientationPortrait UIInterfaceOrientationPortraitUpsideDown UIInterfaceOrientationLandscapeLeft UIInterfaceOrientationLandscapeRight";
				INFOPLIST_KEY_UISupportedInterfaceOrientations_iPhone = "UIInterfaceOrientationPortrait UIInterfaceOrientationLandscapeLeft UIInterfaceOrientationLandscapeRight";
				IPHONEOS_DEPLOYMENT_TARGET = 15.0;
				LD_RUNPATH_SEARCH_PATHS = (
					"$(inherited)",
					"@executable_path/Frameworks",
				);
				MARKETING_VERSION = 1.0;
				PRODUCT_BUNDLE_IDENTIFIER = com.bannzai.Photomark;
				PRODUCT_NAME = Photomark;
				SDKROOT = iphoneos;
				SWIFT_EMIT_LOC_STRINGS = YES;
				SWIFT_VERSION = 5.0;
				TARGETED_DEVICE_FAMILY = "1,2";
				VALIDATE_PRODUCT = YES;
			};
			name = Release;
		};
		2086F775279AD67600BBA8D4 /* Debug */ = {
			isa = XCBuildConfiguration;
			buildSettings = {
				ASSETCATALOG_COMPILER_APPICON_NAME = AppIcon;
				ASSETCATALOG_COMPILER_GLOBAL_ACCENT_COLOR_NAME = AccentColor;
				CODE_SIGN_ENTITLEMENTS = macOS/macOS.entitlements;
				CODE_SIGN_STYLE = Automatic;
				COMBINE_HIDPI_IMAGES = YES;
				CURRENT_PROJECT_VERSION = 1;
				DEVELOPMENT_TEAM = TQPN82UBBY;
				ENABLE_HARDENED_RUNTIME = YES;
				ENABLE_PREVIEWS = YES;
				GENERATE_INFOPLIST_FILE = YES;
				INFOPLIST_KEY_NSHumanReadableCopyright = "";
				LD_RUNPATH_SEARCH_PATHS = (
					"$(inherited)",
					"@executable_path/../Frameworks",
				);
				MACOSX_DEPLOYMENT_TARGET = 12.0;
				MARKETING_VERSION = 1.0;
				PRODUCT_BUNDLE_IDENTIFIER = com.bannzai.Photomark;
				PRODUCT_NAME = Photomark;
				SDKROOT = macosx;
				SWIFT_EMIT_LOC_STRINGS = YES;
				SWIFT_VERSION = 5.0;
			};
			name = Debug;
		};
		2086F776279AD67600BBA8D4 /* Release */ = {
			isa = XCBuildConfiguration;
			buildSettings = {
				ASSETCATALOG_COMPILER_APPICON_NAME = AppIcon;
				ASSETCATALOG_COMPILER_GLOBAL_ACCENT_COLOR_NAME = AccentColor;
				CODE_SIGN_ENTITLEMENTS = macOS/macOS.entitlements;
				CODE_SIGN_STYLE = Automatic;
				COMBINE_HIDPI_IMAGES = YES;
				CURRENT_PROJECT_VERSION = 1;
				DEVELOPMENT_TEAM = TQPN82UBBY;
				ENABLE_HARDENED_RUNTIME = YES;
				ENABLE_PREVIEWS = YES;
				GENERATE_INFOPLIST_FILE = YES;
				INFOPLIST_KEY_NSHumanReadableCopyright = "";
				LD_RUNPATH_SEARCH_PATHS = (
					"$(inherited)",
					"@executable_path/../Frameworks",
				);
				MACOSX_DEPLOYMENT_TARGET = 12.0;
				MARKETING_VERSION = 1.0;
				PRODUCT_BUNDLE_IDENTIFIER = com.bannzai.Photomark;
				PRODUCT_NAME = Photomark;
				SDKROOT = macosx;
				SWIFT_EMIT_LOC_STRINGS = YES;
				SWIFT_VERSION = 5.0;
			};
			name = Release;
		};
/* End XCBuildConfiguration section */

/* Begin XCConfigurationList section */
		2086F750279AD67600BBA8D4 /* Build configuration list for PBXProject "Photomark" */ = {
			isa = XCConfigurationList;
			buildConfigurations = (
				2086F76F279AD67600BBA8D4 /* Debug */,
				2086F770279AD67600BBA8D4 /* Release */,
			);
			defaultConfigurationIsVisible = 0;
			defaultConfigurationName = Release;
		};
		2086F771279AD67600BBA8D4 /* Build configuration list for PBXNativeTarget "Photomark (iOS)" */ = {
			isa = XCConfigurationList;
			buildConfigurations = (
				2086F772279AD67600BBA8D4 /* Debug */,
				2086F773279AD67600BBA8D4 /* Release */,
			);
			defaultConfigurationIsVisible = 0;
			defaultConfigurationName = Release;
		};
		2086F774279AD67600BBA8D4 /* Build configuration list for PBXNativeTarget "Photomark (macOS)" */ = {
			isa = XCConfigurationList;
			buildConfigurations = (
				2086F775279AD67600BBA8D4 /* Debug */,
				2086F776279AD67600BBA8D4 /* Release */,
			);
			defaultConfigurationIsVisible = 0;
			defaultConfigurationName = Release;
		};
/* End XCConfigurationList section */

/* Begin XCVersionGroup section */
		2086F752279AD67600BBA8D4 /* Photomark.xcdatamodeld */ = {
			isa = XCVersionGroup;
			children = (
				2086F753279AD67600BBA8D4 /* Shared.xcdatamodel */,
			);
			currentVersion = 2086F753279AD67600BBA8D4 /* Shared.xcdatamodel */;
			path = Photomark.xcdatamodeld;
			sourceTree = "<group>";
			versionGroupType = wrapper.xcdatamodel;
		};
/* End XCVersionGroup section */
	};
	rootObject = 2086F74D279AD67600BBA8D4 /* Project object */;
}
