// !$*UTF8*$!
{
	archiveVersion = 1;
	classes = {
	};
	objectVersion = 55;
	objects = {

/* Begin PBXBuildFile section */
		200DC18A27BA75F70060A555 /* PhotoAssetListGrid.swift in Sources */ = {isa = PBXBuildFile; fileRef = 200DC18227BA75F70060A555 /* PhotoAssetListGrid.swift */; };
		200DC18B27BA75F70060A555 /* PhotoAssetListImage.swift in Sources */ = {isa = PBXBuildFile; fileRef = 200DC18327BA75F70060A555 /* PhotoAssetListImage.swift */; };
		200DC18C27BA75F70060A555 /* PhotoAssetListPage.swift in Sources */ = {isa = PBXBuildFile; fileRef = 200DC18427BA75F70060A555 /* PhotoAssetListPage.swift */; };
		200DC18D27BA75F70060A555 /* PhotoAssetSelectImage.swift in Sources */ = {isa = PBXBuildFile; fileRef = 200DC18727BA75F70060A555 /* PhotoAssetSelectImage.swift */; };
		200DC18E27BA75F70060A555 /* PhotoAssetSelectGrid.swift in Sources */ = {isa = PBXBuildFile; fileRef = 200DC18827BA75F70060A555 /* PhotoAssetSelectGrid.swift */; };
		200DC18F27BA75F70060A555 /* PhotoAssetListPage+.swift in Sources */ = {isa = PBXBuildFile; fileRef = 200DC18927BA75F70060A555 /* PhotoAssetListPage+.swift */; };
		200DC19027BA762B0060A555 /* PhotoAssetListImage.swift in Sources */ = {isa = PBXBuildFile; fileRef = 200672D1279D018500BA9C48 /* PhotoAssetListImage.swift */; };
		200DC19227BA8BA30060A555 /* GridItemCount.swift in Sources */ = {isa = PBXBuildFile; fileRef = 200DC19127BA8BA30060A555 /* GridItemCount.swift */; };
		200DC19327BA8C160060A555 /* GridItemCount.swift in Sources */ = {isa = PBXBuildFile; fileRef = 200DC19127BA8BA30060A555 /* GridItemCount.swift */; };
		201C2AC9279BDC47006B135B /* String+Extension.swift in Sources */ = {isa = PBXBuildFile; fileRef = 201C2AC8279BDC47006B135B /* String+Extension.swift */; };
		201C2ACD279CA5FE006B135B /* FetchedResults+Extension.swift in Sources */ = {isa = PBXBuildFile; fileRef = 201C2ACC279CA5FE006B135B /* FetchedResults+Extension.swift */; };
		201C2AD0279CB4F9006B135B /* Photo+Extension.swift in Sources */ = {isa = PBXBuildFile; fileRef = 201C2ACF279CB4F9006B135B /* Photo+Extension.swift */; };
		2025C46227BC501200F2237A /* TagList.swift in Sources */ = {isa = PBXBuildFile; fileRef = 2025C46027BC4ED700F2237A /* TagList.swift */; };
		2026C51527A2762C00310E9F /* AssetCopyButton.swift in Sources */ = {isa = PBXBuildFile; fileRef = 2026C51427A2762C00310E9F /* AssetCopyButton.swift */; };
		2026C51627A2762C00310E9F /* AssetCopyButton.swift in Sources */ = {isa = PBXBuildFile; fileRef = 2026C51427A2762C00310E9F /* AssetCopyButton.swift */; };
		2026C51B27A27CAE00310E9F /* PhotoAssetListPage+.swift in Sources */ = {isa = PBXBuildFile; fileRef = 2026C51A27A27CAE00310E9F /* PhotoAssetListPage+.swift */; };
		2026C51E27A2861500310E9F /* PhotoAssetSelectGrid.swift in Sources */ = {isa = PBXBuildFile; fileRef = 2026C51D27A2861500310E9F /* PhotoAssetSelectGrid.swift */; };
		2026C52127A286AA00310E9F /* PhotoAssetSelectImage.swift in Sources */ = {isa = PBXBuildFile; fileRef = 2026C52027A286AA00310E9F /* PhotoAssetSelectImage.swift */; };
		2026C52427A28BFD00310E9F /* AssetSection.swift in Sources */ = {isa = PBXBuildFile; fileRef = 2026C52327A28BFD00310E9F /* AssetSection.swift */; };
		20363DF727BE8A6B00069EDF /* CloudKit.framework in Frameworks */ = {isa = PBXBuildFile; fileRef = 20363DF627BE8A6B00069EDF /* CloudKit.framework */; };
		20363DF927BE8A8300069EDF /* CloudKit.framework in Frameworks */ = {isa = PBXBuildFile; fileRef = 20363DF827BE8A8300069EDF /* CloudKit.framework */; };
		2059463D279D335800F5726C /* AlertError.swift in Sources */ = {isa = PBXBuildFile; fileRef = 2059463C279D335800F5726C /* AlertError.swift */; };
		2059463E279D335800F5726C /* AlertError.swift in Sources */ = {isa = PBXBuildFile; fileRef = 2059463C279D335800F5726C /* AlertError.swift */; };
		20594640279D35E100F5726C /* Tag+Extension.swift in Sources */ = {isa = PBXBuildFile; fileRef = 2059463F279D35E100F5726C /* Tag+Extension.swift */; };
		20594641279D35E100F5726C /* Tag+Extension.swift in Sources */ = {isa = PBXBuildFile; fileRef = 2059463F279D35E100F5726C /* Tag+Extension.swift */; };
		20594650279D6DBC00F5726C /* AsyncAssetImage.swift in Sources */ = {isa = PBXBuildFile; fileRef = 2059464F279D6DBC00F5726C /* AsyncAssetImage.swift */; };
		20594651279D6DBC00F5726C /* AsyncAssetImage.swift in Sources */ = {isa = PBXBuildFile; fileRef = 2059464F279D6DBC00F5726C /* AsyncAssetImage.swift */; };
		20594654279D85EC00F5726C /* ActivityView.swift in Sources */ = {isa = PBXBuildFile; fileRef = 20594653279D85EC00F5726C /* ActivityView.swift */; };
		2059465E279E33A800F5726C /* Asset.swift in Sources */ = {isa = PBXBuildFile; fileRef = 2059465D279E33A800F5726C /* Asset.swift */; };
		2059465F279E33A800F5726C /* Asset.swift in Sources */ = {isa = PBXBuildFile; fileRef = 2059465D279E33A800F5726C /* Asset.swift */; };
		20594661279E390C00F5726C /* PhotoAssetListGrid.swift in Sources */ = {isa = PBXBuildFile; fileRef = 20594660279E390C00F5726C /* PhotoAssetListGrid.swift */; };
		205E750D27B60C300050EE3D /* OpenSetting.swift in Sources */ = {isa = PBXBuildFile; fileRef = 205E750C27B60C300050EE3D /* OpenSetting.swift */; };
		205E750E27B60CBD0050EE3D /* OpenSetting.swift in Sources */ = {isa = PBXBuildFile; fileRef = 205E750C27B60C300050EE3D /* OpenSetting.swift */; };
		207327CB27B3F909004024A8 /* UIImage+.swift in Sources */ = {isa = PBXBuildFile; fileRef = 207327CA27B3F909004024A8 /* UIImage+.swift */; };
		207327D827B3FF6A004024A8 /* ActivityView.swift in Sources */ = {isa = PBXBuildFile; fileRef = 207327D727B3FF6A004024A8 /* ActivityView.swift */; };
		207327D927B40006004024A8 /* UIImage+.swift in Sources */ = {isa = PBXBuildFile; fileRef = 207327CA27B3F909004024A8 /* UIImage+.swift */; };
		207327DB27B4641F004024A8 /* PasteBoard.swift in Sources */ = {isa = PBXBuildFile; fileRef = 207327DA27B4641F004024A8 /* PasteBoard.swift */; };
		207327DC27B46647004024A8 /* PasteBoard.swift in Sources */ = {isa = PBXBuildFile; fileRef = 207327DA27B4641F004024A8 /* PasteBoard.swift */; };
		207327DE27B47AFB004024A8 /* Image+.swift in Sources */ = {isa = PBXBuildFile; fileRef = 207327DD27B47AFB004024A8 /* Image+.swift */; };
		207327DF27B47B9A004024A8 /* FetchedResults+Extension.swift in Sources */ = {isa = PBXBuildFile; fileRef = 201C2ACC279CA5FE006B135B /* FetchedResults+Extension.swift */; };
		207327E027B47B9A004024A8 /* String+Extension.swift in Sources */ = {isa = PBXBuildFile; fileRef = 201C2AC8279BDC47006B135B /* String+Extension.swift */; };
		207327E127B47BA5004024A8 /* Photo+Extension.swift in Sources */ = {isa = PBXBuildFile; fileRef = 201C2ACF279CB4F9006B135B /* Photo+Extension.swift */; };
		207327E627B497F9004024A8 /* ApplyTagPage.swift in Sources */ = {isa = PBXBuildFile; fileRef = 207327E527B497F9004024A8 /* ApplyTagPage.swift */; };
		207327EA27B4985D004024A8 /* PhotoDetailPage.swift in Sources */ = {isa = PBXBuildFile; fileRef = 207327E927B4985D004024A8 /* PhotoDetailPage.swift */; };
		2086F765279AD67600BBA8D4 /* Photomark.xcdatamodeld in Sources */ = {isa = PBXBuildFile; fileRef = 2086F752279AD67600BBA8D4 /* Photomark.xcdatamodeld */; };
		2086F766279AD67600BBA8D4 /* Photomark.xcdatamodeld in Sources */ = {isa = PBXBuildFile; fileRef = 2086F752279AD67600BBA8D4 /* Photomark.xcdatamodeld */; };
		2086F767279AD67600BBA8D4 /* PhotomarkApp.swift in Sources */ = {isa = PBXBuildFile; fileRef = 2086F754279AD67600BBA8D4 /* PhotomarkApp.swift */; };
		2086F768279AD67600BBA8D4 /* PhotomarkApp.swift in Sources */ = {isa = PBXBuildFile; fileRef = 2086F754279AD67600BBA8D4 /* PhotomarkApp.swift */; };
		2086F769279AD67600BBA8D4 /* PhotoAssetListPage.swift in Sources */ = {isa = PBXBuildFile; fileRef = 2086F755279AD67600BBA8D4 /* PhotoAssetListPage.swift */; };
		2086F76B279AD67600BBA8D4 /* Persistence.swift in Sources */ = {isa = PBXBuildFile; fileRef = 2086F756279AD67600BBA8D4 /* Persistence.swift */; };
		2086F76C279AD67600BBA8D4 /* Persistence.swift in Sources */ = {isa = PBXBuildFile; fileRef = 2086F756279AD67600BBA8D4 /* Persistence.swift */; };
		2086F76D279AD67600BBA8D4 /* Assets.xcassets in Resources */ = {isa = PBXBuildFile; fileRef = 2086F757279AD67600BBA8D4 /* Assets.xcassets */; };
		2086F76E279AD67600BBA8D4 /* Assets.xcassets in Resources */ = {isa = PBXBuildFile; fileRef = 2086F757279AD67600BBA8D4 /* Assets.xcassets */; };
		2086F785279AFA9300BBA8D4 /* CoreDataModelFactory.swift in Sources */ = {isa = PBXBuildFile; fileRef = 2086F784279AFA9300BBA8D4 /* CoreDataModelFactory.swift */; };
		2086F786279AFA9300BBA8D4 /* CoreDataModelFactory.swift in Sources */ = {isa = PBXBuildFile; fileRef = 2086F784279AFA9300BBA8D4 /* CoreDataModelFactory.swift */; };
		2086F788279AFD4C00BBA8D4 /* PhotoLibrary.swift in Sources */ = {isa = PBXBuildFile; fileRef = 2086F787279AFD4C00BBA8D4 /* PhotoLibrary.swift */; };
		2086F789279AFD4C00BBA8D4 /* PhotoLibrary.swift in Sources */ = {isa = PBXBuildFile; fileRef = 2086F787279AFD4C00BBA8D4 /* PhotoLibrary.swift */; };
		2086F78B279B6D9900BBA8D4 /* PHAsset+Extension.swift in Sources */ = {isa = PBXBuildFile; fileRef = 2086F78A279B6D9900BBA8D4 /* PHAsset+Extension.swift */; };
		2086F78C279B6D9900BBA8D4 /* PHAsset+Extension.swift in Sources */ = {isa = PBXBuildFile; fileRef = 2086F78A279B6D9900BBA8D4 /* PHAsset+Extension.swift */; };
		2086F7C7279BCEB300BBA8D4 /* PhotoDetailPage.swift in Sources */ = {isa = PBXBuildFile; fileRef = 2086F7C6279BCEB300BBA8D4 /* PhotoDetailPage.swift */; };
		2086F7CB279BCFAC00BBA8D4 /* TagLine.swift in Sources */ = {isa = PBXBuildFile; fileRef = 2086F7CA279BCFAC00BBA8D4 /* TagLine.swift */; };
		2086F7CC279BCFAC00BBA8D4 /* TagLine.swift in Sources */ = {isa = PBXBuildFile; fileRef = 2086F7CA279BCFAC00BBA8D4 /* TagLine.swift */; };
		2086F7CF279BDA2800BBA8D4 /* ErrorHandleModifier.swift in Sources */ = {isa = PBXBuildFile; fileRef = 2086F7CE279BDA2800BBA8D4 /* ErrorHandleModifier.swift */; };
		2086F7D0279BDA2800BBA8D4 /* ErrorHandleModifier.swift in Sources */ = {isa = PBXBuildFile; fileRef = 2086F7CE279BDA2800BBA8D4 /* ErrorHandleModifier.swift */; };
		2086F7D2279BDA3C00BBA8D4 /* IdentifiableError.swift in Sources */ = {isa = PBXBuildFile; fileRef = 2086F7D1279BDA3C00BBA8D4 /* IdentifiableError.swift */; };
		2086F7D3279BDA3C00BBA8D4 /* IdentifiableError.swift in Sources */ = {isa = PBXBuildFile; fileRef = 2086F7D1279BDA3C00BBA8D4 /* IdentifiableError.swift */; };
		2095BC0227A02544008998A2 /* AssetDownloadButton.swift in Sources */ = {isa = PBXBuildFile; fileRef = 2095BC0127A02544008998A2 /* AssetDownloadButton.swift */; };
		2095BC0327A02544008998A2 /* AssetDownloadButton.swift in Sources */ = {isa = PBXBuildFile; fileRef = 2095BC0127A02544008998A2 /* AssetDownloadButton.swift */; };
		20960C2627A6849F00D6E4F6 /* ApplyTagPage.swift in Sources */ = {isa = PBXBuildFile; fileRef = 20960C2527A6849F00D6E4F6 /* ApplyTagPage.swift */; };
		20A2051927B7F04D0058AA0C /* AssetSection.swift in Sources */ = {isa = PBXBuildFile; fileRef = 2026C52327A28BFD00310E9F /* AssetSection.swift */; };
		20A2051D27B7F0D40058AA0C /* EntryView.swift in Sources */ = {isa = PBXBuildFile; fileRef = 20A2051B27B7F0B40058AA0C /* EntryView.swift */; };
		20A2052027B7F0ED0058AA0C /* EntryView.swift in Sources */ = {isa = PBXBuildFile; fileRef = 20A2051F27B7F0ED0058AA0C /* EntryView.swift */; };
		20A2052827B7F3E60058AA0C /* PhotoLibraryAuthorization.swift in Sources */ = {isa = PBXBuildFile; fileRef = 20A2052727B7F3E60058AA0C /* PhotoLibraryAuthorization.swift */; };
		20A2052927B7F4830058AA0C /* PhotoLibraryAuthorization.swift in Sources */ = {isa = PBXBuildFile; fileRef = 20A2052727B7F3E60058AA0C /* PhotoLibraryAuthorization.swift */; };
		20D658C12AA0260100298589 /* KeyboardViewController.swift in Sources */ = {isa = PBXBuildFile; fileRef = 20D658C02AA0260100298589 /* KeyboardViewController.swift */; };
		20D658C52AA0260100298589 /* KeyboardExtension.appex in Embed Foundation Extensions */ = {isa = PBXBuildFile; fileRef = 20D658BE2AA0260100298589 /* KeyboardExtension.appex */; settings = {ATTRIBUTES = (RemoveHeadersOnCopy, ); }; };
		20E55FA62AA0563E00343562 /* Photomark.xcdatamodeld in Sources */ = {isa = PBXBuildFile; fileRef = 2086F752279AD67600BBA8D4 /* Photomark.xcdatamodeld */; };
		20E55FAC2AA0566000343562 /* Tag+Extension.swift in Sources */ = {isa = PBXBuildFile; fileRef = 2059463F279D35E100F5726C /* Tag+Extension.swift */; };
		20E55FAD2AA0566000343562 /* AssetSection.swift in Sources */ = {isa = PBXBuildFile; fileRef = 2026C52327A28BFD00310E9F /* AssetSection.swift */; };
		20E55FAE2AA0566000343562 /* Asset.swift in Sources */ = {isa = PBXBuildFile; fileRef = 2059465D279E33A800F5726C /* Asset.swift */; };
		20E55FAF2AA0566000343562 /* CoreDataModelFactory.swift in Sources */ = {isa = PBXBuildFile; fileRef = 2086F784279AFA9300BBA8D4 /* CoreDataModelFactory.swift */; };
		20E55FB02AA0566000343562 /* Photo+Extension.swift in Sources */ = {isa = PBXBuildFile; fileRef = 201C2ACF279CB4F9006B135B /* Photo+Extension.swift */; };
		20E55FB12AA0567200343562 /* FetchedResults+Extension.swift in Sources */ = {isa = PBXBuildFile; fileRef = 201C2ACC279CA5FE006B135B /* FetchedResults+Extension.swift */; };
		20E55FB22AA0567200343562 /* String+Extension.swift in Sources */ = {isa = PBXBuildFile; fileRef = 201C2AC8279BDC47006B135B /* String+Extension.swift */; };
		20E55FB32AA0567200343562 /* Persistence.swift in Sources */ = {isa = PBXBuildFile; fileRef = 2086F756279AD67600BBA8D4 /* Persistence.swift */; };
		20E55FB62AA0568E00343562 /* AsyncAssetImage.swift in Sources */ = {isa = PBXBuildFile; fileRef = 2059464F279D6DBC00F5726C /* AsyncAssetImage.swift */; };
		20E55FB72AA0568E00343562 /* AssetCopyButton.swift in Sources */ = {isa = PBXBuildFile; fileRef = 2026C51427A2762C00310E9F /* AssetCopyButton.swift */; };
		20E55FB82AA0568E00343562 /* GridItemCount.swift in Sources */ = {isa = PBXBuildFile; fileRef = 200DC19127BA8BA30060A555 /* GridItemCount.swift */; };
		20E55FB92AA0568E00343562 /* AssetDownloadButton.swift in Sources */ = {isa = PBXBuildFile; fileRef = 2095BC0127A02544008998A2 /* AssetDownloadButton.swift */; };
		20E55FBA2AA0569800343562 /* UIImage+.swift in Sources */ = {isa = PBXBuildFile; fileRef = 207327CA27B3F909004024A8 /* UIImage+.swift */; };
		20E55FBB2AA0569800343562 /* Image+.swift in Sources */ = {isa = PBXBuildFile; fileRef = 207327DD27B47AFB004024A8 /* Image+.swift */; };
		20E55FBC2AA0569800343562 /* PasteBoard.swift in Sources */ = {isa = PBXBuildFile; fileRef = 207327DA27B4641F004024A8 /* PasteBoard.swift */; };
		20E55FBD2AA0569D00343562 /* IdentifiableError.swift in Sources */ = {isa = PBXBuildFile; fileRef = 2086F7D1279BDA3C00BBA8D4 /* IdentifiableError.swift */; };
		20E55FBE2AA0569D00343562 /* ErrorHandleModifier.swift in Sources */ = {isa = PBXBuildFile; fileRef = 2086F7CE279BDA2800BBA8D4 /* ErrorHandleModifier.swift */; };
		20E55FBF2AA0569D00343562 /* AlertError.swift in Sources */ = {isa = PBXBuildFile; fileRef = 2059463C279D335800F5726C /* AlertError.swift */; };
		20E55FC02AA056B000343562 /* PhotoLibrary.swift in Sources */ = {isa = PBXBuildFile; fileRef = 2086F787279AFD4C00BBA8D4 /* PhotoLibrary.swift */; };
		20E55FC12AA056B000343562 /* PHAsset+Extension.swift in Sources */ = {isa = PBXBuildFile; fileRef = 2086F78A279B6D9900BBA8D4 /* PHAsset+Extension.swift */; };
		20E55FC72AA1926A00343562 /* Array+Extension.swift in Sources */ = {isa = PBXBuildFile; fileRef = 20E55FC62AA1926A00343562 /* Array+Extension.swift */; };
		20E55FC82AA1926A00343562 /* Array+Extension.swift in Sources */ = {isa = PBXBuildFile; fileRef = 20E55FC62AA1926A00343562 /* Array+Extension.swift */; };
		20E55FC92AA1926A00343562 /* Array+Extension.swift in Sources */ = {isa = PBXBuildFile; fileRef = 20E55FC62AA1926A00343562 /* Array+Extension.swift */; };
		20E55FCC2AA29DD100343562 /* ScreenSize.swift in Sources */ = {isa = PBXBuildFile; fileRef = 20E55FCB2AA29DD100343562 /* ScreenSize.swift */; };
		20E55FCD2AA29DD100343562 /* ScreenSize.swift in Sources */ = {isa = PBXBuildFile; fileRef = 20E55FCB2AA29DD100343562 /* ScreenSize.swift */; };
		20E55FCE2AA29DD100343562 /* ScreenSize.swift in Sources */ = {isa = PBXBuildFile; fileRef = 20E55FCB2AA29DD100343562 /* ScreenSize.swift */; };
		20E55FCF2AA34E6D00343562 /* PhotoAssetSelectGrid.swift in Sources */ = {isa = PBXBuildFile; fileRef = 2026C51D27A2861500310E9F /* PhotoAssetSelectGrid.swift */; };
		20E55FD02AA34E8300343562 /* PhotoAssetListGrid.swift in Sources */ = {isa = PBXBuildFile; fileRef = 20594660279E390C00F5726C /* PhotoAssetListGrid.swift */; };
		20E55FD12AA34E8D00343562 /* PhotoAssetListImage.swift in Sources */ = {isa = PBXBuildFile; fileRef = 200672D1279D018500BA9C48 /* PhotoAssetListImage.swift */; };
		20ED928827C044AD0033D328 /* DeleteAllCoreData.swift in Sources */ = {isa = PBXBuildFile; fileRef = 20ED928727C044AD0033D328 /* DeleteAllCoreData.swift */; };
		20ED928927C0456D0033D328 /* DeleteAllCoreData.swift in Sources */ = {isa = PBXBuildFile; fileRef = 20ED928727C044AD0033D328 /* DeleteAllCoreData.swift */; };
/* End PBXBuildFile section */

/* Begin PBXContainerItemProxy section */
		20D658C32AA0260100298589 /* PBXContainerItemProxy */ = {
			isa = PBXContainerItemProxy;
			containerPortal = 2086F74D279AD67600BBA8D4 /* Project object */;
			proxyType = 1;
			remoteGlobalIDString = 20D658BD2AA0260100298589;
			remoteInfo = KeyboardExtension;
		};
/* End PBXContainerItemProxy section */

/* Begin PBXCopyFilesBuildPhase section */
		20D658C92AA0260100298589 /* Embed Foundation Extensions */ = {
			isa = PBXCopyFilesBuildPhase;
			buildActionMask = 2147483647;
			dstPath = "";
			dstSubfolderSpec = 13;
			files = (
				20D658C52AA0260100298589 /* KeyboardExtension.appex in Embed Foundation Extensions */,
			);
			name = "Embed Foundation Extensions";
			runOnlyForDeploymentPostprocessing = 0;
		};
/* End PBXCopyFilesBuildPhase section */

/* Begin PBXFileReference section */
		200672D1279D018500BA9C48 /* PhotoAssetListImage.swift */ = {isa = PBXFileReference; lastKnownFileType = sourcecode.swift; path = PhotoAssetListImage.swift; sourceTree = "<group>"; };
		200DC18227BA75F70060A555 /* PhotoAssetListGrid.swift */ = {isa = PBXFileReference; fileEncoding = 4; lastKnownFileType = sourcecode.swift; path = PhotoAssetListGrid.swift; sourceTree = "<group>"; };
		200DC18327BA75F70060A555 /* PhotoAssetListImage.swift */ = {isa = PBXFileReference; fileEncoding = 4; lastKnownFileType = sourcecode.swift; path = PhotoAssetListImage.swift; sourceTree = "<group>"; };
		200DC18427BA75F70060A555 /* PhotoAssetListPage.swift */ = {isa = PBXFileReference; fileEncoding = 4; lastKnownFileType = sourcecode.swift; path = PhotoAssetListPage.swift; sourceTree = "<group>"; };
		200DC18727BA75F70060A555 /* PhotoAssetSelectImage.swift */ = {isa = PBXFileReference; fileEncoding = 4; lastKnownFileType = sourcecode.swift; path = PhotoAssetSelectImage.swift; sourceTree = "<group>"; };
		200DC18827BA75F70060A555 /* PhotoAssetSelectGrid.swift */ = {isa = PBXFileReference; fileEncoding = 4; lastKnownFileType = sourcecode.swift; path = PhotoAssetSelectGrid.swift; sourceTree = "<group>"; };
		200DC18927BA75F70060A555 /* PhotoAssetListPage+.swift */ = {isa = PBXFileReference; fileEncoding = 4; lastKnownFileType = sourcecode.swift; path = "PhotoAssetListPage+.swift"; sourceTree = "<group>"; };
		200DC19127BA8BA30060A555 /* GridItemCount.swift */ = {isa = PBXFileReference; lastKnownFileType = sourcecode.swift; path = GridItemCount.swift; sourceTree = "<group>"; };
		201C2AC8279BDC47006B135B /* String+Extension.swift */ = {isa = PBXFileReference; lastKnownFileType = sourcecode.swift; path = "String+Extension.swift"; sourceTree = "<group>"; };
		201C2ACC279CA5FE006B135B /* FetchedResults+Extension.swift */ = {isa = PBXFileReference; lastKnownFileType = sourcecode.swift; path = "FetchedResults+Extension.swift"; sourceTree = "<group>"; };
		201C2ACF279CB4F9006B135B /* Photo+Extension.swift */ = {isa = PBXFileReference; lastKnownFileType = sourcecode.swift; path = "Photo+Extension.swift"; sourceTree = "<group>"; };
		2025C46027BC4ED700F2237A /* TagList.swift */ = {isa = PBXFileReference; lastKnownFileType = sourcecode.swift; path = TagList.swift; sourceTree = "<group>"; };
		2026C51427A2762C00310E9F /* AssetCopyButton.swift */ = {isa = PBXFileReference; lastKnownFileType = sourcecode.swift; path = AssetCopyButton.swift; sourceTree = "<group>"; };
		2026C51A27A27CAE00310E9F /* PhotoAssetListPage+.swift */ = {isa = PBXFileReference; lastKnownFileType = sourcecode.swift; path = "PhotoAssetListPage+.swift"; sourceTree = "<group>"; };
		2026C51D27A2861500310E9F /* PhotoAssetSelectGrid.swift */ = {isa = PBXFileReference; lastKnownFileType = sourcecode.swift; path = PhotoAssetSelectGrid.swift; sourceTree = "<group>"; };
		2026C52027A286AA00310E9F /* PhotoAssetSelectImage.swift */ = {isa = PBXFileReference; lastKnownFileType = sourcecode.swift; path = PhotoAssetSelectImage.swift; sourceTree = "<group>"; };
		2026C52327A28BFD00310E9F /* AssetSection.swift */ = {isa = PBXFileReference; lastKnownFileType = sourcecode.swift; path = AssetSection.swift; sourceTree = "<group>"; };
		20363DF427BE89F400069EDF /* Photomark (iOS).entitlements */ = {isa = PBXFileReference; lastKnownFileType = text.plist.entitlements; path = "Photomark (iOS).entitlements"; sourceTree = "<group>"; };
		20363DF627BE8A6B00069EDF /* CloudKit.framework */ = {isa = PBXFileReference; lastKnownFileType = wrapper.framework; name = CloudKit.framework; path = System/Library/Frameworks/CloudKit.framework; sourceTree = SDKROOT; };
		20363DF827BE8A8300069EDF /* CloudKit.framework */ = {isa = PBXFileReference; lastKnownFileType = wrapper.framework; name = CloudKit.framework; path = Platforms/iPhoneOS.platform/Developer/SDKs/iPhoneOS15.0.sdk/System/Library/Frameworks/CloudKit.framework; sourceTree = DEVELOPER_DIR; };
		20363DFA27BF169200069EDF /* Photomark--iOS--Info.plist */ = {isa = PBXFileReference; lastKnownFileType = text.plist.xml; path = "Photomark--iOS--Info.plist"; sourceTree = "<group>"; };
		2059463C279D335800F5726C /* AlertError.swift */ = {isa = PBXFileReference; lastKnownFileType = sourcecode.swift; path = AlertError.swift; sourceTree = "<group>"; };
		2059463F279D35E100F5726C /* Tag+Extension.swift */ = {isa = PBXFileReference; lastKnownFileType = sourcecode.swift; path = "Tag+Extension.swift"; sourceTree = "<group>"; };
		2059464F279D6DBC00F5726C /* AsyncAssetImage.swift */ = {isa = PBXFileReference; lastKnownFileType = sourcecode.swift; path = AsyncAssetImage.swift; sourceTree = "<group>"; };
		20594653279D85EC00F5726C /* ActivityView.swift */ = {isa = PBXFileReference; lastKnownFileType = sourcecode.swift; path = ActivityView.swift; sourceTree = "<group>"; };
		2059465D279E33A800F5726C /* Asset.swift */ = {isa = PBXFileReference; lastKnownFileType = sourcecode.swift; path = Asset.swift; sourceTree = "<group>"; };
		20594660279E390C00F5726C /* PhotoAssetListGrid.swift */ = {isa = PBXFileReference; lastKnownFileType = sourcecode.swift; path = PhotoAssetListGrid.swift; sourceTree = "<group>"; };
		205E750C27B60C300050EE3D /* OpenSetting.swift */ = {isa = PBXFileReference; lastKnownFileType = sourcecode.swift; path = OpenSetting.swift; sourceTree = "<group>"; };
		207327CA27B3F909004024A8 /* UIImage+.swift */ = {isa = PBXFileReference; lastKnownFileType = sourcecode.swift; path = "UIImage+.swift"; sourceTree = "<group>"; };
		207327D727B3FF6A004024A8 /* ActivityView.swift */ = {isa = PBXFileReference; fileEncoding = 4; lastKnownFileType = sourcecode.swift; path = ActivityView.swift; sourceTree = "<group>"; };
		207327DA27B4641F004024A8 /* PasteBoard.swift */ = {isa = PBXFileReference; lastKnownFileType = sourcecode.swift; path = PasteBoard.swift; sourceTree = "<group>"; };
		207327DD27B47AFB004024A8 /* Image+.swift */ = {isa = PBXFileReference; lastKnownFileType = sourcecode.swift; path = "Image+.swift"; sourceTree = "<group>"; };
		207327E527B497F9004024A8 /* ApplyTagPage.swift */ = {isa = PBXFileReference; fileEncoding = 4; lastKnownFileType = sourcecode.swift; path = ApplyTagPage.swift; sourceTree = "<group>"; };
		207327E927B4985D004024A8 /* PhotoDetailPage.swift */ = {isa = PBXFileReference; fileEncoding = 4; lastKnownFileType = sourcecode.swift; path = PhotoDetailPage.swift; sourceTree = "<group>"; };
		2086F753279AD67600BBA8D4 /* Shared.xcdatamodel */ = {isa = PBXFileReference; lastKnownFileType = wrapper.xcdatamodel; path = Shared.xcdatamodel; sourceTree = "<group>"; };
		2086F754279AD67600BBA8D4 /* PhotomarkApp.swift */ = {isa = PBXFileReference; lastKnownFileType = sourcecode.swift; path = PhotomarkApp.swift; sourceTree = "<group>"; };
		2086F755279AD67600BBA8D4 /* PhotoAssetListPage.swift */ = {isa = PBXFileReference; lastKnownFileType = sourcecode.swift; path = PhotoAssetListPage.swift; sourceTree = "<group>"; };
		2086F756279AD67600BBA8D4 /* Persistence.swift */ = {isa = PBXFileReference; lastKnownFileType = sourcecode.swift; path = Persistence.swift; sourceTree = "<group>"; };
		2086F757279AD67600BBA8D4 /* Assets.xcassets */ = {isa = PBXFileReference; lastKnownFileType = folder.assetcatalog; path = Assets.xcassets; sourceTree = "<group>"; };
		2086F75C279AD67600BBA8D4 /* Photomark.app */ = {isa = PBXFileReference; explicitFileType = wrapper.application; includeInIndex = 0; path = Photomark.app; sourceTree = BUILT_PRODUCTS_DIR; };
		2086F762279AD67600BBA8D4 /* Photomark.app */ = {isa = PBXFileReference; explicitFileType = wrapper.application; includeInIndex = 0; path = Photomark.app; sourceTree = BUILT_PRODUCTS_DIR; };
		2086F764279AD67600BBA8D4 /* macOS.entitlements */ = {isa = PBXFileReference; lastKnownFileType = text.plist.entitlements; path = macOS.entitlements; sourceTree = "<group>"; };
		2086F784279AFA9300BBA8D4 /* CoreDataModelFactory.swift */ = {isa = PBXFileReference; lastKnownFileType = sourcecode.swift; path = CoreDataModelFactory.swift; sourceTree = "<group>"; };
		2086F787279AFD4C00BBA8D4 /* PhotoLibrary.swift */ = {isa = PBXFileReference; lastKnownFileType = sourcecode.swift; path = PhotoLibrary.swift; sourceTree = "<group>"; };
		2086F78A279B6D9900BBA8D4 /* PHAsset+Extension.swift */ = {isa = PBXFileReference; lastKnownFileType = sourcecode.swift; path = "PHAsset+Extension.swift"; sourceTree = "<group>"; };
		2086F7C6279BCEB300BBA8D4 /* PhotoDetailPage.swift */ = {isa = PBXFileReference; lastKnownFileType = sourcecode.swift; path = PhotoDetailPage.swift; sourceTree = "<group>"; };
		2086F7CA279BCFAC00BBA8D4 /* TagLine.swift */ = {isa = PBXFileReference; lastKnownFileType = sourcecode.swift; path = TagLine.swift; sourceTree = "<group>"; };
		2086F7CE279BDA2800BBA8D4 /* ErrorHandleModifier.swift */ = {isa = PBXFileReference; lastKnownFileType = sourcecode.swift; path = ErrorHandleModifier.swift; sourceTree = "<group>"; };
		2086F7D1279BDA3C00BBA8D4 /* IdentifiableError.swift */ = {isa = PBXFileReference; lastKnownFileType = sourcecode.swift; path = IdentifiableError.swift; sourceTree = "<group>"; };
		2095BC0127A02544008998A2 /* AssetDownloadButton.swift */ = {isa = PBXFileReference; lastKnownFileType = sourcecode.swift; path = AssetDownloadButton.swift; sourceTree = "<group>"; };
		20960C2527A6849F00D6E4F6 /* ApplyTagPage.swift */ = {isa = PBXFileReference; lastKnownFileType = sourcecode.swift; path = ApplyTagPage.swift; sourceTree = "<group>"; };
		20A2051B27B7F0B40058AA0C /* EntryView.swift */ = {isa = PBXFileReference; lastKnownFileType = sourcecode.swift; path = EntryView.swift; sourceTree = "<group>"; };
		20A2051F27B7F0ED0058AA0C /* EntryView.swift */ = {isa = PBXFileReference; lastKnownFileType = sourcecode.swift; path = EntryView.swift; sourceTree = "<group>"; };
		20A2052727B7F3E60058AA0C /* PhotoLibraryAuthorization.swift */ = {isa = PBXFileReference; lastKnownFileType = sourcecode.swift; path = PhotoLibraryAuthorization.swift; sourceTree = "<group>"; };
		20D658BE2AA0260100298589 /* KeyboardExtension.appex */ = {isa = PBXFileReference; explicitFileType = "wrapper.app-extension"; includeInIndex = 0; path = KeyboardExtension.appex; sourceTree = BUILT_PRODUCTS_DIR; };
		20D658C02AA0260100298589 /* KeyboardViewController.swift */ = {isa = PBXFileReference; lastKnownFileType = sourcecode.swift; path = KeyboardViewController.swift; sourceTree = "<group>"; };
		20D658C22AA0260100298589 /* Info.plist */ = {isa = PBXFileReference; lastKnownFileType = text.plist.xml; path = Info.plist; sourceTree = "<group>"; };
		20E55FC32AA058C900343562 /* KeyboardExtension.entitlements */ = {isa = PBXFileReference; lastKnownFileType = text.plist.entitlements; path = KeyboardExtension.entitlements; sourceTree = "<group>"; };
		20E55FC62AA1926A00343562 /* Array+Extension.swift */ = {isa = PBXFileReference; lastKnownFileType = sourcecode.swift; path = "Array+Extension.swift"; sourceTree = "<group>"; };
		20E55FCB2AA29DD100343562 /* ScreenSize.swift */ = {isa = PBXFileReference; lastKnownFileType = sourcecode.swift; path = ScreenSize.swift; sourceTree = "<group>"; };
		20ED928727C044AD0033D328 /* DeleteAllCoreData.swift */ = {isa = PBXFileReference; lastKnownFileType = sourcecode.swift; path = DeleteAllCoreData.swift; sourceTree = "<group>"; };
/* End PBXFileReference section */

/* Begin PBXFrameworksBuildPhase section */
		2086F759279AD67600BBA8D4 /* Frameworks */ = {
			isa = PBXFrameworksBuildPhase;
			buildActionMask = 2147483647;
			files = (
				20363DF927BE8A8300069EDF /* CloudKit.framework in Frameworks */,
			);
			runOnlyForDeploymentPostprocessing = 0;
		};
		2086F75F279AD67600BBA8D4 /* Frameworks */ = {
			isa = PBXFrameworksBuildPhase;
			buildActionMask = 2147483647;
			files = (
				20363DF727BE8A6B00069EDF /* CloudKit.framework in Frameworks */,
			);
			runOnlyForDeploymentPostprocessing = 0;
		};
		20D658BB2AA0260100298589 /* Frameworks */ = {
			isa = PBXFrameworksBuildPhase;
			buildActionMask = 2147483647;
			files = (
			);
			runOnlyForDeploymentPostprocessing = 0;
		};
/* End PBXFrameworksBuildPhase section */

/* Begin PBXGroup section */
		200672D0279D000B00BA9C48 /* PhotoAssetList */ = {
			isa = PBXGroup;
			children = (
				2026C52627A36B7A00310E9F /* Components */,
				2086F755279AD67600BBA8D4 /* PhotoAssetListPage.swift */,
				2026C51A27A27CAE00310E9F /* PhotoAssetListPage+.swift */,
				20594660279E390C00F5726C /* PhotoAssetListGrid.swift */,
				200672D1279D018500BA9C48 /* PhotoAssetListImage.swift */,
			);
			path = PhotoAssetList;
			sourceTree = "<group>";
		};
		200DC18127BA75F70060A555 /* PhotoAssetList */ = {
			isa = PBXGroup;
			children = (
				200DC18227BA75F70060A555 /* PhotoAssetListGrid.swift */,
				200DC18327BA75F70060A555 /* PhotoAssetListImage.swift */,
				200DC18427BA75F70060A555 /* PhotoAssetListPage.swift */,
				200DC18527BA75F70060A555 /* Components */,
				200DC18927BA75F70060A555 /* PhotoAssetListPage+.swift */,
			);
			path = PhotoAssetList;
			sourceTree = "<group>";
		};
		200DC18527BA75F70060A555 /* Components */ = {
			isa = PBXGroup;
			children = (
				200DC18627BA75F70060A555 /* Select */,
			);
			path = Components;
			sourceTree = "<group>";
		};
		200DC18627BA75F70060A555 /* Select */ = {
			isa = PBXGroup;
			children = (
				200DC18727BA75F70060A555 /* PhotoAssetSelectImage.swift */,
				200DC18827BA75F70060A555 /* PhotoAssetSelectGrid.swift */,
			);
			path = Select;
			sourceTree = "<group>";
		};
		201C2AC7279BDC41006B135B /* StdLib */ = {
			isa = PBXGroup;
			children = (
				201C2AC8279BDC47006B135B /* String+Extension.swift */,
				201C2ACC279CA5FE006B135B /* FetchedResults+Extension.swift */,
			);
			path = StdLib;
			sourceTree = "<group>";
		};
		201C2ACE279CB4EB006B135B /* Entity */ = {
			isa = PBXGroup;
			children = (
				20594659279E338B00F5726C /* Extensions */,
				2059465D279E33A800F5726C /* Asset.swift */,
				2026C52327A28BFD00310E9F /* AssetSection.swift */,
			);
			path = Entity;
			sourceTree = "<group>";
		};
		2025C45F27BC4EC600F2237A /* TagList */ = {
			isa = PBXGroup;
			children = (
				2025C46027BC4ED700F2237A /* TagList.swift */,
			);
			path = TagList;
			sourceTree = "<group>";
		};
		2026C52627A36B7A00310E9F /* Components */ = {
			isa = PBXGroup;
			children = (
				2026C52727A36B9800310E9F /* Select */,
			);
			path = Components;
			sourceTree = "<group>";
		};
		2026C52727A36B9800310E9F /* Select */ = {
			isa = PBXGroup;
			children = (
				2026C51D27A2861500310E9F /* PhotoAssetSelectGrid.swift */,
				2026C52027A286AA00310E9F /* PhotoAssetSelectImage.swift */,
			);
			path = Select;
			sourceTree = "<group>";
		};
		20363DF527BE8A6B00069EDF /* Frameworks */ = {
			isa = PBXGroup;
			children = (
				20363DF827BE8A8300069EDF /* CloudKit.framework */,
				20363DF627BE8A6B00069EDF /* CloudKit.framework */,
			);
			name = Frameworks;
			sourceTree = "<group>";
		};
		20594652279D85E700F5726C /* Activity */ = {
			isa = PBXGroup;
			children = (
				20594653279D85EC00F5726C /* ActivityView.swift */,
			);
			path = Activity;
			sourceTree = "<group>";
		};
		20594659279E338B00F5726C /* Extensions */ = {
			isa = PBXGroup;
			children = (
				2086F784279AFA9300BBA8D4 /* CoreDataModelFactory.swift */,
				201C2ACF279CB4F9006B135B /* Photo+Extension.swift */,
				2059463F279D35E100F5726C /* Tag+Extension.swift */,
				20E55FC62AA1926A00343562 /* Array+Extension.swift */,
			);
			path = Extensions;
			sourceTree = "<group>";
		};
		205E750B27B60C2A0050EE3D /* PhotoLibrary */ = {
			isa = PBXGroup;
			children = (
				205E750C27B60C300050EE3D /* OpenSetting.swift */,
				20A2052727B7F3E60058AA0C /* PhotoLibraryAuthorization.swift */,
			);
			path = PhotoLibrary;
			sourceTree = "<group>";
		};
		207327C927B3F870004024A8 /* Shared */ = {
			isa = PBXGroup;
			children = (
				20E55FCA2AA29DC800343562 /* Environment */,
				20ED928627C044A60033D328 /* Debug */,
				2086F7C2279BBF9200BBA8D4 /* PhotoLibrary */,
				2086F7CD279BDA2100BBA8D4 /* Error */,
				2086F793279B8C6600BBA8D4 /* Components */,
				205E750B27B60C2A0050EE3D /* PhotoLibrary */,
				207327CC27B3F91A004024A8 /* Bridge */,
				201C2AC7279BDC41006B135B /* StdLib */,
				2086F754279AD67600BBA8D4 /* PhotomarkApp.swift */,
				2086F756279AD67600BBA8D4 /* Persistence.swift */,
				201C2ACE279CB4EB006B135B /* Entity */,
			);
			path = Shared;
			sourceTree = "<group>";
		};
		207327CC27B3F91A004024A8 /* Bridge */ = {
			isa = PBXGroup;
			children = (
				207327CA27B3F909004024A8 /* UIImage+.swift */,
				207327DD27B47AFB004024A8 /* Image+.swift */,
				207327DA27B4641F004024A8 /* PasteBoard.swift */,
			);
			path = Bridge;
			sourceTree = "<group>";
		};
		207327D627B3FF6A004024A8 /* Activity */ = {
			isa = PBXGroup;
			children = (
				207327D727B3FF6A004024A8 /* ActivityView.swift */,
			);
			path = Activity;
			sourceTree = "<group>";
		};
		207327E427B497F9004024A8 /* ApplyTag */ = {
			isa = PBXGroup;
			children = (
				207327E527B497F9004024A8 /* ApplyTagPage.swift */,
			);
			path = ApplyTag;
			sourceTree = "<group>";
		};
		207327E727B49847004024A8 /* PhotoDetail */ = {
			isa = PBXGroup;
			children = (
				207327E927B4985D004024A8 /* PhotoDetailPage.swift */,
			);
			path = PhotoDetail;
			sourceTree = "<group>";
		};
		207327E827B4984C004024A8 /* PhotoDetail */ = {
			isa = PBXGroup;
			children = (
				2086F7C6279BCEB300BBA8D4 /* PhotoDetailPage.swift */,
			);
			path = PhotoDetail;
			sourceTree = "<group>";
		};
		2086F74C279AD67600BBA8D4 = {
			isa = PBXGroup;
			children = (
				207327C927B3F870004024A8 /* Shared */,
				2086F751279AD67600BBA8D4 /* iOS */,
				2086F763279AD67600BBA8D4 /* macOS */,
				20D658BF2AA0260100298589 /* KeyboardExtension */,
				2086F75D279AD67600BBA8D4 /* Products */,
				20363DF527BE8A6B00069EDF /* Frameworks */,
			);
			indentWidth = 2;
			sourceTree = "<group>";
			tabWidth = 2;
		};
		2086F751279AD67600BBA8D4 /* iOS */ = {
			isa = PBXGroup;
			children = (
				20363DFA27BF169200069EDF /* Photomark--iOS--Info.plist */,
				20363DF427BE89F400069EDF /* Photomark (iOS).entitlements */,
				20A2051A27B7F0B00058AA0C /* Entry */,
				207327E827B4984C004024A8 /* PhotoDetail */,
				20960C2427A6849700D6E4F6 /* ApplyTag */,
				20594652279D85E700F5726C /* Activity */,
				2086F7C9279BCFA700BBA8D4 /* Tag */,
				200672D0279D000B00BA9C48 /* PhotoAssetList */,
				2086F757279AD67600BBA8D4 /* Assets.xcassets */,
				2086F752279AD67600BBA8D4 /* Photomark.xcdatamodeld */,
			);
			path = iOS;
			sourceTree = "<group>";
		};
		2086F75D279AD67600BBA8D4 /* Products */ = {
			isa = PBXGroup;
			children = (
				2086F75C279AD67600BBA8D4 /* Photomark.app */,
				2086F762279AD67600BBA8D4 /* Photomark.app */,
				20D658BE2AA0260100298589 /* KeyboardExtension.appex */,
			);
			name = Products;
			sourceTree = "<group>";
		};
		2086F763279AD67600BBA8D4 /* macOS */ = {
			isa = PBXGroup;
			children = (
				2025C45F27BC4EC600F2237A /* TagList */,
				200DC18127BA75F70060A555 /* PhotoAssetList */,
				20A2051E27B7F0E80058AA0C /* EntryView */,
				207327E727B49847004024A8 /* PhotoDetail */,
				207327E427B497F9004024A8 /* ApplyTag */,
				207327D627B3FF6A004024A8 /* Activity */,
				2086F764279AD67600BBA8D4 /* macOS.entitlements */,
			);
			path = macOS;
			sourceTree = "<group>";
		};
		2086F793279B8C6600BBA8D4 /* Components */ = {
			isa = PBXGroup;
			children = (
				2059464F279D6DBC00F5726C /* AsyncAssetImage.swift */,
				2095BC0127A02544008998A2 /* AssetDownloadButton.swift */,
				2026C51427A2762C00310E9F /* AssetCopyButton.swift */,
				200DC19127BA8BA30060A555 /* GridItemCount.swift */,
			);
			path = Components;
			sourceTree = "<group>";
		};
		2086F7C2279BBF9200BBA8D4 /* PhotoLibrary */ = {
			isa = PBXGroup;
			children = (
				2086F787279AFD4C00BBA8D4 /* PhotoLibrary.swift */,
				2086F78A279B6D9900BBA8D4 /* PHAsset+Extension.swift */,
			);
			name = PhotoLibrary;
			path = StdLib/PhotoLibrary;
			sourceTree = "<group>";
		};
		2086F7C9279BCFA700BBA8D4 /* Tag */ = {
			isa = PBXGroup;
			children = (
				2086F7CA279BCFAC00BBA8D4 /* TagLine.swift */,
			);
			path = Tag;
			sourceTree = "<group>";
		};
		2086F7CD279BDA2100BBA8D4 /* Error */ = {
			isa = PBXGroup;
			children = (
				2086F7CE279BDA2800BBA8D4 /* ErrorHandleModifier.swift */,
				2086F7D1279BDA3C00BBA8D4 /* IdentifiableError.swift */,
				2059463C279D335800F5726C /* AlertError.swift */,
			);
			path = Error;
			sourceTree = "<group>";
		};
		20960C2427A6849700D6E4F6 /* ApplyTag */ = {
			isa = PBXGroup;
			children = (
				20960C2527A6849F00D6E4F6 /* ApplyTagPage.swift */,
			);
			path = ApplyTag;
			sourceTree = "<group>";
		};
		20A2051A27B7F0B00058AA0C /* Entry */ = {
			isa = PBXGroup;
			children = (
				20A2051B27B7F0B40058AA0C /* EntryView.swift */,
			);
			path = Entry;
			sourceTree = "<group>";
		};
		20A2051E27B7F0E80058AA0C /* EntryView */ = {
			isa = PBXGroup;
			children = (
				20A2051F27B7F0ED0058AA0C /* EntryView.swift */,
			);
			path = EntryView;
			sourceTree = "<group>";
		};
		20D658BF2AA0260100298589 /* KeyboardExtension */ = {
			isa = PBXGroup;
			children = (
				20E55FC32AA058C900343562 /* KeyboardExtension.entitlements */,
				20D658C02AA0260100298589 /* KeyboardViewController.swift */,
				20D658C22AA0260100298589 /* Info.plist */,
			);
			path = KeyboardExtension;
			sourceTree = "<group>";
		};
		20E55FCA2AA29DC800343562 /* Environment */ = {
			isa = PBXGroup;
			children = (
				20E55FCB2AA29DD100343562 /* ScreenSize.swift */,
			);
			path = Environment;
			sourceTree = "<group>";
		};
		20ED928627C044A60033D328 /* Debug */ = {
			isa = PBXGroup;
			children = (
				20ED928727C044AD0033D328 /* DeleteAllCoreData.swift */,
			);
			path = Debug;
			sourceTree = "<group>";
		};
/* End PBXGroup section */

/* Begin PBXNativeTarget section */
		2086F75B279AD67600BBA8D4 /* Photomark (iOS) */ = {
			isa = PBXNativeTarget;
			buildConfigurationList = 2086F771279AD67600BBA8D4 /* Build configuration list for PBXNativeTarget "Photomark (iOS)" */;
			buildPhases = (
				2086F758279AD67600BBA8D4 /* Sources */,
				2086F759279AD67600BBA8D4 /* Frameworks */,
				2086F75A279AD67600BBA8D4 /* Resources */,
				20D658C92AA0260100298589 /* Embed Foundation Extensions */,
			);
			buildRules = (
			);
			dependencies = (
				20D658C42AA0260100298589 /* PBXTargetDependency */,
			);
			name = "Photomark (iOS)";
			productName = "Photomark (iOS)";
			productReference = 2086F75C279AD67600BBA8D4 /* Photomark.app */;
			productType = "com.apple.product-type.application";
		};
		2086F761279AD67600BBA8D4 /* Photomark (macOS) */ = {
			isa = PBXNativeTarget;
			buildConfigurationList = 2086F774279AD67600BBA8D4 /* Build configuration list for PBXNativeTarget "Photomark (macOS)" */;
			buildPhases = (
				2086F75E279AD67600BBA8D4 /* Sources */,
				2086F75F279AD67600BBA8D4 /* Frameworks */,
				2086F760279AD67600BBA8D4 /* Resources */,
			);
			buildRules = (
			);
			dependencies = (
			);
			name = "Photomark (macOS)";
			productName = "Photomark (macOS)";
			productReference = 2086F762279AD67600BBA8D4 /* Photomark.app */;
			productType = "com.apple.product-type.application";
		};
		20D658BD2AA0260100298589 /* KeyboardExtension */ = {
			isa = PBXNativeTarget;
			buildConfigurationList = 20D658C62AA0260100298589 /* Build configuration list for PBXNativeTarget "KeyboardExtension" */;
			buildPhases = (
				20D658BA2AA0260100298589 /* Sources */,
				20D658BB2AA0260100298589 /* Frameworks */,
				20D658BC2AA0260100298589 /* Resources */,
			);
			buildRules = (
			);
			dependencies = (
			);
			name = KeyboardExtension;
			productName = KeyboardExtension;
			productReference = 20D658BE2AA0260100298589 /* KeyboardExtension.appex */;
			productType = "com.apple.product-type.app-extension";
		};
/* End PBXNativeTarget section */

/* Begin PBXProject section */
		2086F74D279AD67600BBA8D4 /* Project object */ = {
			isa = PBXProject;
			attributes = {
				BuildIndependentTargetsInParallel = 1;
				LastSwiftUpdateCheck = 1430;
				LastUpgradeCheck = 1430;
				TargetAttributes = {
					2086F75B279AD67600BBA8D4 = {
						CreatedOnToolsVersion = 13.1;
					};
					2086F761279AD67600BBA8D4 = {
						CreatedOnToolsVersion = 13.1;
					};
					20D658BD2AA0260100298589 = {
						CreatedOnToolsVersion = 14.3.1;
					};
				};
			};
			buildConfigurationList = 2086F750279AD67600BBA8D4 /* Build configuration list for PBXProject "Photomark" */;
			compatibilityVersion = "Xcode 13.0";
			developmentRegion = en;
			hasScannedForEncodings = 0;
			knownRegions = (
				en,
				Base,
			);
			mainGroup = 2086F74C279AD67600BBA8D4;
			productRefGroup = 2086F75D279AD67600BBA8D4 /* Products */;
			projectDirPath = "";
			projectRoot = "";
			targets = (
				2086F75B279AD67600BBA8D4 /* Photomark (iOS) */,
				2086F761279AD67600BBA8D4 /* Photomark (macOS) */,
				20D658BD2AA0260100298589 /* KeyboardExtension */,
			);
		};
/* End PBXProject section */

/* Begin PBXResourcesBuildPhase section */
		2086F75A279AD67600BBA8D4 /* Resources */ = {
			isa = PBXResourcesBuildPhase;
			buildActionMask = 2147483647;
			files = (
				2086F76D279AD67600BBA8D4 /* Assets.xcassets in Resources */,
			);
			runOnlyForDeploymentPostprocessing = 0;
		};
		2086F760279AD67600BBA8D4 /* Resources */ = {
			isa = PBXResourcesBuildPhase;
			buildActionMask = 2147483647;
			files = (
				2086F76E279AD67600BBA8D4 /* Assets.xcassets in Resources */,
			);
			runOnlyForDeploymentPostprocessing = 0;
		};
		20D658BC2AA0260100298589 /* Resources */ = {
			isa = PBXResourcesBuildPhase;
			buildActionMask = 2147483647;
			files = (
			);
			runOnlyForDeploymentPostprocessing = 0;
		};
/* End PBXResourcesBuildPhase section */

/* Begin PBXSourcesBuildPhase section */
		2086F758279AD67600BBA8D4 /* Sources */ = {
			isa = PBXSourcesBuildPhase;
			buildActionMask = 2147483647;
			files = (
				20A2052927B7F4830058AA0C /* PhotoLibraryAuthorization.swift in Sources */,
				2086F765279AD67600BBA8D4 /* Photomark.xcdatamodeld in Sources */,
				2086F7D2279BDA3C00BBA8D4 /* IdentifiableError.swift in Sources */,
				20E55FC72AA1926A00343562 /* Array+Extension.swift in Sources */,
				2086F76B279AD67600BBA8D4 /* Persistence.swift in Sources */,
				20594650279D6DBC00F5726C /* AsyncAssetImage.swift in Sources */,
				2026C52127A286AA00310E9F /* PhotoAssetSelectImage.swift in Sources */,
				2086F7CF279BDA2800BBA8D4 /* ErrorHandleModifier.swift in Sources */,
				2026C51B27A27CAE00310E9F /* PhotoAssetListPage+.swift in Sources */,
				201C2ACD279CA5FE006B135B /* FetchedResults+Extension.swift in Sources */,
				200DC19327BA8C160060A555 /* GridItemCount.swift in Sources */,
				2086F785279AFA9300BBA8D4 /* CoreDataModelFactory.swift in Sources */,
				201C2AD0279CB4F9006B135B /* Photo+Extension.swift in Sources */,
				2086F7C7279BCEB300BBA8D4 /* PhotoDetailPage.swift in Sources */,
				2026C52427A28BFD00310E9F /* AssetSection.swift in Sources */,
				2026C51527A2762C00310E9F /* AssetCopyButton.swift in Sources */,
				20E55FCC2AA29DD100343562 /* ScreenSize.swift in Sources */,
				200DC19027BA762B0060A555 /* PhotoAssetListImage.swift in Sources */,
				207327DC27B46647004024A8 /* PasteBoard.swift in Sources */,
				2059463D279D335800F5726C /* AlertError.swift in Sources */,
				2095BC0227A02544008998A2 /* AssetDownloadButton.swift in Sources */,
				2086F78B279B6D9900BBA8D4 /* PHAsset+Extension.swift in Sources */,
				20960C2627A6849F00D6E4F6 /* ApplyTagPage.swift in Sources */,
				20594654279D85EC00F5726C /* ActivityView.swift in Sources */,
				20594640279D35E100F5726C /* Tag+Extension.swift in Sources */,
				207327CB27B3F909004024A8 /* UIImage+.swift in Sources */,
				2086F767279AD67600BBA8D4 /* PhotomarkApp.swift in Sources */,
				2086F7CB279BCFAC00BBA8D4 /* TagLine.swift in Sources */,
				2026C51E27A2861500310E9F /* PhotoAssetSelectGrid.swift in Sources */,
				2086F788279AFD4C00BBA8D4 /* PhotoLibrary.swift in Sources */,
				2059465E279E33A800F5726C /* Asset.swift in Sources */,
				205E750D27B60C300050EE3D /* OpenSetting.swift in Sources */,
				201C2AC9279BDC47006B135B /* String+Extension.swift in Sources */,
				2086F769279AD67600BBA8D4 /* PhotoAssetListPage.swift in Sources */,
				20ED928827C044AD0033D328 /* DeleteAllCoreData.swift in Sources */,
				20594661279E390C00F5726C /* PhotoAssetListGrid.swift in Sources */,
				20A2051D27B7F0D40058AA0C /* EntryView.swift in Sources */,
			);
			runOnlyForDeploymentPostprocessing = 0;
		};
		2086F75E279AD67600BBA8D4 /* Sources */ = {
			isa = PBXSourcesBuildPhase;
			buildActionMask = 2147483647;
			files = (
				20E55FCD2AA29DD100343562 /* ScreenSize.swift in Sources */,
				2025C46227BC501200F2237A /* TagList.swift in Sources */,
				200DC18F27BA75F70060A555 /* PhotoAssetListPage+.swift in Sources */,
				200DC18D27BA75F70060A555 /* PhotoAssetSelectImage.swift in Sources */,
				2086F766279AD67600BBA8D4 /* Photomark.xcdatamodeld in Sources */,
				20A2051927B7F04D0058AA0C /* AssetSection.swift in Sources */,
				20594651279D6DBC00F5726C /* AsyncAssetImage.swift in Sources */,
				207327E127B47BA5004024A8 /* Photo+Extension.swift in Sources */,
				20A2052827B7F3E60058AA0C /* PhotoLibraryAuthorization.swift in Sources */,
				2059465F279E33A800F5726C /* Asset.swift in Sources */,
				200DC19227BA8BA30060A555 /* GridItemCount.swift in Sources */,
				2086F7D3279BDA3C00BBA8D4 /* IdentifiableError.swift in Sources */,
				20E55FC82AA1926A00343562 /* Array+Extension.swift in Sources */,
				207327D827B3FF6A004024A8 /* ActivityView.swift in Sources */,
				200DC18B27BA75F70060A555 /* PhotoAssetListImage.swift in Sources */,
				2086F76C279AD67600BBA8D4 /* Persistence.swift in Sources */,
				207327DB27B4641F004024A8 /* PasteBoard.swift in Sources */,
				207327DF27B47B9A004024A8 /* FetchedResults+Extension.swift in Sources */,
				2059463E279D335800F5726C /* AlertError.swift in Sources */,
				207327D927B40006004024A8 /* UIImage+.swift in Sources */,
				207327E627B497F9004024A8 /* ApplyTagPage.swift in Sources */,
				2086F7D0279BDA2800BBA8D4 /* ErrorHandleModifier.swift in Sources */,
				200DC18C27BA75F70060A555 /* PhotoAssetListPage.swift in Sources */,
				20594641279D35E100F5726C /* Tag+Extension.swift in Sources */,
				200DC18E27BA75F70060A555 /* PhotoAssetSelectGrid.swift in Sources */,
				2095BC0327A02544008998A2 /* AssetDownloadButton.swift in Sources */,
				2086F786279AFA9300BBA8D4 /* CoreDataModelFactory.swift in Sources */,
				2086F78C279B6D9900BBA8D4 /* PHAsset+Extension.swift in Sources */,
				20ED928927C0456D0033D328 /* DeleteAllCoreData.swift in Sources */,
				2086F768279AD67600BBA8D4 /* PhotomarkApp.swift in Sources */,
				20A2052027B7F0ED0058AA0C /* EntryView.swift in Sources */,
				2086F7CC279BCFAC00BBA8D4 /* TagLine.swift in Sources */,
				2086F789279AFD4C00BBA8D4 /* PhotoLibrary.swift in Sources */,
				207327DE27B47AFB004024A8 /* Image+.swift in Sources */,
				205E750E27B60CBD0050EE3D /* OpenSetting.swift in Sources */,
				2026C51627A2762C00310E9F /* AssetCopyButton.swift in Sources */,
				207327EA27B4985D004024A8 /* PhotoDetailPage.swift in Sources */,
				207327E027B47B9A004024A8 /* String+Extension.swift in Sources */,
				200DC18A27BA75F70060A555 /* PhotoAssetListGrid.swift in Sources */,
			);
			runOnlyForDeploymentPostprocessing = 0;
		};
		20D658BA2AA0260100298589 /* Sources */ = {
			isa = PBXSourcesBuildPhase;
			buildActionMask = 2147483647;
			files = (
				20E55FAC2AA0566000343562 /* Tag+Extension.swift in Sources */,
				20E55FB62AA0568E00343562 /* AsyncAssetImage.swift in Sources */,
				20E55FD12AA34E8D00343562 /* PhotoAssetListImage.swift in Sources */,
				20E55FBF2AA0569D00343562 /* AlertError.swift in Sources */,
				20E55FB22AA0567200343562 /* String+Extension.swift in Sources */,
				20E55FBB2AA0569800343562 /* Image+.swift in Sources */,
				20E55FB02AA0566000343562 /* Photo+Extension.swift in Sources */,
				20E55FCE2AA29DD100343562 /* ScreenSize.swift in Sources */,
				20E55FC02AA056B000343562 /* PhotoLibrary.swift in Sources */,
				20E55FBE2AA0569D00343562 /* ErrorHandleModifier.swift in Sources */,
				20D658C12AA0260100298589 /* KeyboardViewController.swift in Sources */,
				20E55FBD2AA0569D00343562 /* IdentifiableError.swift in Sources */,
				20E55FBA2AA0569800343562 /* UIImage+.swift in Sources */,
				20E55FAE2AA0566000343562 /* Asset.swift in Sources */,
				20E55FBC2AA0569800343562 /* PasteBoard.swift in Sources */,
				20E55FC92AA1926A00343562 /* Array+Extension.swift in Sources */,
				20E55FD02AA34E8300343562 /* PhotoAssetListGrid.swift in Sources */,
				20E55FAF2AA0566000343562 /* CoreDataModelFactory.swift in Sources */,
				20E55FB92AA0568E00343562 /* AssetDownloadButton.swift in Sources */,
				20E55FAD2AA0566000343562 /* AssetSection.swift in Sources */,
				20E55FCF2AA34E6D00343562 /* PhotoAssetSelectGrid.swift in Sources */,
				20E55FB12AA0567200343562 /* FetchedResults+Extension.swift in Sources */,
				20E55FA62AA0563E00343562 /* Photomark.xcdatamodeld in Sources */,
				20E55FC12AA056B000343562 /* PHAsset+Extension.swift in Sources */,
				20E55FB82AA0568E00343562 /* GridItemCount.swift in Sources */,
				20E55FB32AA0567200343562 /* Persistence.swift in Sources */,
				20E55FB72AA0568E00343562 /* AssetCopyButton.swift in Sources */,
			);
			runOnlyForDeploymentPostprocessing = 0;
		};
/* End PBXSourcesBuildPhase section */

/* Begin PBXTargetDependency section */
		20D658C42AA0260100298589 /* PBXTargetDependency */ = {
			isa = PBXTargetDependency;
			target = 20D658BD2AA0260100298589 /* KeyboardExtension */;
			targetProxy = 20D658C32AA0260100298589 /* PBXContainerItemProxy */;
		};
/* End PBXTargetDependency section */

/* Begin XCBuildConfiguration section */
		2086F76F279AD67600BBA8D4 /* Debug */ = {
			isa = XCBuildConfiguration;
			buildSettings = {
				ALWAYS_SEARCH_USER_PATHS = NO;
				CLANG_ANALYZER_NONNULL = YES;
				CLANG_ANALYZER_NUMBER_OBJECT_CONVERSION = YES_AGGRESSIVE;
				CLANG_CXX_LANGUAGE_STANDARD = "gnu++17";
				CLANG_CXX_LIBRARY = "libc++";
				CLANG_ENABLE_MODULES = YES;
				CLANG_ENABLE_OBJC_ARC = YES;
				CLANG_ENABLE_OBJC_WEAK = YES;
				CLANG_WARN_BLOCK_CAPTURE_AUTORELEASING = YES;
				CLANG_WARN_BOOL_CONVERSION = YES;
				CLANG_WARN_COMMA = YES;
				CLANG_WARN_CONSTANT_CONVERSION = YES;
				CLANG_WARN_DEPRECATED_OBJC_IMPLEMENTATIONS = YES;
				CLANG_WARN_DIRECT_OBJC_ISA_USAGE = YES_ERROR;
				CLANG_WARN_DOCUMENTATION_COMMENTS = YES;
				CLANG_WARN_EMPTY_BODY = YES;
				CLANG_WARN_ENUM_CONVERSION = YES;
				CLANG_WARN_INFINITE_RECURSION = YES;
				CLANG_WARN_INT_CONVERSION = YES;
				CLANG_WARN_NON_LITERAL_NULL_CONVERSION = YES;
				CLANG_WARN_OBJC_IMPLICIT_RETAIN_SELF = YES;
				CLANG_WARN_OBJC_LITERAL_CONVERSION = YES;
				CLANG_WARN_OBJC_ROOT_CLASS = YES_ERROR;
				CLANG_WARN_QUOTED_INCLUDE_IN_FRAMEWORK_HEADER = YES;
				CLANG_WARN_RANGE_LOOP_ANALYSIS = YES;
				CLANG_WARN_STRICT_PROTOTYPES = YES;
				CLANG_WARN_SUSPICIOUS_MOVE = YES;
				CLANG_WARN_UNGUARDED_AVAILABILITY = YES_AGGRESSIVE;
				CLANG_WARN_UNREACHABLE_CODE = YES;
				CLANG_WARN__DUPLICATE_METHOD_MATCH = YES;
				COPY_PHASE_STRIP = NO;
				DEAD_CODE_STRIPPING = YES;
				DEBUG_INFORMATION_FORMAT = dwarf;
				ENABLE_STRICT_OBJC_MSGSEND = YES;
				ENABLE_TESTABILITY = YES;
				GCC_C_LANGUAGE_STANDARD = gnu11;
				GCC_DYNAMIC_NO_PIC = NO;
				GCC_NO_COMMON_BLOCKS = YES;
				GCC_OPTIMIZATION_LEVEL = 0;
				GCC_PREPROCESSOR_DEFINITIONS = (
					"DEBUG=1",
					"$(inherited)",
				);
				GCC_WARN_64_TO_32_BIT_CONVERSION = YES;
				GCC_WARN_ABOUT_RETURN_TYPE = YES_ERROR;
				GCC_WARN_UNDECLARED_SELECTOR = YES;
				GCC_WARN_UNINITIALIZED_AUTOS = YES_AGGRESSIVE;
				GCC_WARN_UNUSED_FUNCTION = YES;
				GCC_WARN_UNUSED_VARIABLE = YES;
				IPHONEOS_DEPLOYMENT_TARGET = 16.0;
				MACOSX_DEPLOYMENT_TARGET = 12.0;
				MTL_ENABLE_DEBUG_INFO = INCLUDE_SOURCE;
				MTL_FAST_MATH = YES;
				ONLY_ACTIVE_ARCH = YES;
				SWIFT_ACTIVE_COMPILATION_CONDITIONS = DEBUG;
				SWIFT_OPTIMIZATION_LEVEL = "-Onone";
			};
			name = Debug;
		};
		2086F770279AD67600BBA8D4 /* Release */ = {
			isa = XCBuildConfiguration;
			buildSettings = {
				ALWAYS_SEARCH_USER_PATHS = NO;
				CLANG_ANALYZER_NONNULL = YES;
				CLANG_ANALYZER_NUMBER_OBJECT_CONVERSION = YES_AGGRESSIVE;
				CLANG_CXX_LANGUAGE_STANDARD = "gnu++17";
				CLANG_CXX_LIBRARY = "libc++";
				CLANG_ENABLE_MODULES = YES;
				CLANG_ENABLE_OBJC_ARC = YES;
				CLANG_ENABLE_OBJC_WEAK = YES;
				CLANG_WARN_BLOCK_CAPTURE_AUTORELEASING = YES;
				CLANG_WARN_BOOL_CONVERSION = YES;
				CLANG_WARN_COMMA = YES;
				CLANG_WARN_CONSTANT_CONVERSION = YES;
				CLANG_WARN_DEPRECATED_OBJC_IMPLEMENTATIONS = YES;
				CLANG_WARN_DIRECT_OBJC_ISA_USAGE = YES_ERROR;
				CLANG_WARN_DOCUMENTATION_COMMENTS = YES;
				CLANG_WARN_EMPTY_BODY = YES;
				CLANG_WARN_ENUM_CONVERSION = YES;
				CLANG_WARN_INFINITE_RECURSION = YES;
				CLANG_WARN_INT_CONVERSION = YES;
				CLANG_WARN_NON_LITERAL_NULL_CONVERSION = YES;
				CLANG_WARN_OBJC_IMPLICIT_RETAIN_SELF = YES;
				CLANG_WARN_OBJC_LITERAL_CONVERSION = YES;
				CLANG_WARN_OBJC_ROOT_CLASS = YES_ERROR;
				CLANG_WARN_QUOTED_INCLUDE_IN_FRAMEWORK_HEADER = YES;
				CLANG_WARN_RANGE_LOOP_ANALYSIS = YES;
				CLANG_WARN_STRICT_PROTOTYPES = YES;
				CLANG_WARN_SUSPICIOUS_MOVE = YES;
				CLANG_WARN_UNGUARDED_AVAILABILITY = YES_AGGRESSIVE;
				CLANG_WARN_UNREACHABLE_CODE = YES;
				CLANG_WARN__DUPLICATE_METHOD_MATCH = YES;
				COPY_PHASE_STRIP = NO;
				DEAD_CODE_STRIPPING = YES;
				DEBUG_INFORMATION_FORMAT = "dwarf-with-dsym";
				ENABLE_NS_ASSERTIONS = NO;
				ENABLE_STRICT_OBJC_MSGSEND = YES;
				GCC_C_LANGUAGE_STANDARD = gnu11;
				GCC_NO_COMMON_BLOCKS = YES;
				GCC_WARN_64_TO_32_BIT_CONVERSION = YES;
				GCC_WARN_ABOUT_RETURN_TYPE = YES_ERROR;
				GCC_WARN_UNDECLARED_SELECTOR = YES;
				GCC_WARN_UNINITIALIZED_AUTOS = YES_AGGRESSIVE;
				GCC_WARN_UNUSED_FUNCTION = YES;
				GCC_WARN_UNUSED_VARIABLE = YES;
				IPHONEOS_DEPLOYMENT_TARGET = 16.0;
				MACOSX_DEPLOYMENT_TARGET = 12.0;
				MTL_ENABLE_DEBUG_INFO = NO;
				MTL_FAST_MATH = YES;
				SWIFT_COMPILATION_MODE = wholemodule;
				SWIFT_OPTIMIZATION_LEVEL = "-O";
			};
			name = Release;
		};
		2086F772279AD67600BBA8D4 /* Debug */ = {
			isa = XCBuildConfiguration;
			buildSettings = {
				ALWAYS_EMBED_SWIFT_STANDARD_LIBRARIES = YES;
				ASSETCATALOG_COMPILER_APPICON_NAME = AppIcon;
				ASSETCATALOG_COMPILER_GLOBAL_ACCENT_COLOR_NAME = AccentColor;
				CODE_SIGN_ENTITLEMENTS = "iOS/Photomark (iOS).entitlements";
				CODE_SIGN_STYLE = Automatic;
				CURRENT_PROJECT_VERSION = 1;
				DEVELOPMENT_TEAM = TQPN82UBBY;
				ENABLE_PREVIEWS = YES;
				GENERATE_INFOPLIST_FILE = YES;
				INFOPLIST_FILE = "iOS/Photomark--iOS--Info.plist";
				INFOPLIST_KEY_NSPhotoLibraryUsageDescription = "タグ付けするために画像を取得します";
				INFOPLIST_KEY_UIApplicationSceneManifest_Generation = YES;
				INFOPLIST_KEY_UIApplicationSupportsIndirectInputEvents = YES;
				INFOPLIST_KEY_UILaunchScreen_Generation = YES;
				INFOPLIST_KEY_UISupportedInterfaceOrientations_iPad = "UIInterfaceOrientationPortrait UIInterfaceOrientationPortraitUpsideDown UIInterfaceOrientationLandscapeLeft UIInterfaceOrientationLandscapeRight";
				INFOPLIST_KEY_UISupportedInterfaceOrientations_iPhone = "UIInterfaceOrientationPortrait UIInterfaceOrientationLandscapeLeft UIInterfaceOrientationLandscapeRight";
				IPHONEOS_DEPLOYMENT_TARGET = 16.0;
				LD_RUNPATH_SEARCH_PATHS = (
					"$(inherited)",
					"@executable_path/Frameworks",
				);
				MARKETING_VERSION = 1.0;
				PRODUCT_BUNDLE_IDENTIFIER = com.bannzai.Photomark;
				PRODUCT_NAME = Photomark;
				SDKROOT = iphoneos;
				SWIFT_EMIT_LOC_STRINGS = YES;
				SWIFT_VERSION = 5.0;
				TARGETED_DEVICE_FAMILY = "1,2";
			};
			name = Debug;
		};
		2086F773279AD67600BBA8D4 /* Release */ = {
			isa = XCBuildConfiguration;
			buildSettings = {
				ALWAYS_EMBED_SWIFT_STANDARD_LIBRARIES = YES;
				ASSETCATALOG_COMPILER_APPICON_NAME = AppIcon;
				ASSETCATALOG_COMPILER_GLOBAL_ACCENT_COLOR_NAME = AccentColor;
				CODE_SIGN_ENTITLEMENTS = "iOS/Photomark (iOS).entitlements";
				CODE_SIGN_STYLE = Automatic;
				CURRENT_PROJECT_VERSION = 1;
				DEVELOPMENT_TEAM = TQPN82UBBY;
				ENABLE_PREVIEWS = YES;
				GENERATE_INFOPLIST_FILE = YES;
				INFOPLIST_FILE = "iOS/Photomark--iOS--Info.plist";
				INFOPLIST_KEY_NSPhotoLibraryUsageDescription = "タグ付けするために画像を取得します";
				INFOPLIST_KEY_UIApplicationSceneManifest_Generation = YES;
				INFOPLIST_KEY_UIApplicationSupportsIndirectInputEvents = YES;
				INFOPLIST_KEY_UILaunchScreen_Generation = YES;
				INFOPLIST_KEY_UISupportedInterfaceOrientations_iPad = "UIInterfaceOrientationPortrait UIInterfaceOrientationPortraitUpsideDown UIInterfaceOrientationLandscapeLeft UIInterfaceOrientationLandscapeRight";
				INFOPLIST_KEY_UISupportedInterfaceOrientations_iPhone = "UIInterfaceOrientationPortrait UIInterfaceOrientationLandscapeLeft UIInterfaceOrientationLandscapeRight";
				IPHONEOS_DEPLOYMENT_TARGET = 16.0;
				LD_RUNPATH_SEARCH_PATHS = (
					"$(inherited)",
					"@executable_path/Frameworks",
				);
				MARKETING_VERSION = 1.0;
				PRODUCT_BUNDLE_IDENTIFIER = com.bannzai.Photomark;
				PRODUCT_NAME = Photomark;
				SDKROOT = iphoneos;
				SWIFT_EMIT_LOC_STRINGS = YES;
				SWIFT_VERSION = 5.0;
				TARGETED_DEVICE_FAMILY = "1,2";
				VALIDATE_PRODUCT = YES;
			};
			name = Release;
		};
		2086F775279AD67600BBA8D4 /* Debug */ = {
			isa = XCBuildConfiguration;
			buildSettings = {
				ASSETCATALOG_COMPILER_APPICON_NAME = AppIcon;
				ASSETCATALOG_COMPILER_GLOBAL_ACCENT_COLOR_NAME = AccentColor;
				CODE_SIGN_ENTITLEMENTS = macOS/macOS.entitlements;
				CODE_SIGN_STYLE = Automatic;
				COMBINE_HIDPI_IMAGES = YES;
				CURRENT_PROJECT_VERSION = 1;
				DEAD_CODE_STRIPPING = YES;
				DEVELOPMENT_TEAM = TQPN82UBBY;
				ENABLE_HARDENED_RUNTIME = YES;
				ENABLE_PREVIEWS = YES;
				GENERATE_INFOPLIST_FILE = YES;
				INFOPLIST_KEY_NSHumanReadableCopyright = "";
				LD_RUNPATH_SEARCH_PATHS = (
					"$(inherited)",
					"@executable_path/../Frameworks",
				);
				MACOSX_DEPLOYMENT_TARGET = 12.0;
				MARKETING_VERSION = 1.0;
				PRODUCT_BUNDLE_IDENTIFIER = com.bannzai.Photomark;
				PRODUCT_NAME = Photomark;
				SDKROOT = macosx;
				SWIFT_EMIT_LOC_STRINGS = YES;
				SWIFT_VERSION = 5.0;
			};
			name = Debug;
		};
		2086F776279AD67600BBA8D4 /* Release */ = {
			isa = XCBuildConfiguration;
			buildSettings = {
				ASSETCATALOG_COMPILER_APPICON_NAME = AppIcon;
				ASSETCATALOG_COMPILER_GLOBAL_ACCENT_COLOR_NAME = AccentColor;
				CODE_SIGN_ENTITLEMENTS = macOS/macOS.entitlements;
				CODE_SIGN_STYLE = Automatic;
				COMBINE_HIDPI_IMAGES = YES;
				CURRENT_PROJECT_VERSION = 1;
				DEAD_CODE_STRIPPING = YES;
				DEVELOPMENT_TEAM = TQPN82UBBY;
				ENABLE_HARDENED_RUNTIME = YES;
				ENABLE_PREVIEWS = YES;
				GENERATE_INFOPLIST_FILE = YES;
				INFOPLIST_KEY_NSHumanReadableCopyright = "";
				LD_RUNPATH_SEARCH_PATHS = (
					"$(inherited)",
					"@executable_path/../Frameworks",
				);
				MACOSX_DEPLOYMENT_TARGET = 12.0;
				MARKETING_VERSION = 1.0;
				PRODUCT_BUNDLE_IDENTIFIER = com.bannzai.Photomark;
				PRODUCT_NAME = Photomark;
				SDKROOT = macosx;
				SWIFT_EMIT_LOC_STRINGS = YES;
				SWIFT_VERSION = 5.0;
			};
			name = Release;
		};
		20D658C72AA0260100298589 /* Debug */ = {
			isa = XCBuildConfiguration;
			buildSettings = {
				CLANG_CXX_LANGUAGE_STANDARD = "gnu++20";
				CODE_SIGN_ENTITLEMENTS = KeyboardExtension/KeyboardExtension.entitlements;
				CODE_SIGN_STYLE = Automatic;
				CURRENT_PROJECT_VERSION = 1;
				DEVELOPMENT_TEAM = TQPN82UBBY;
				GENERATE_INFOPLIST_FILE = YES;
				INFOPLIST_FILE = KeyboardExtension/Info.plist;
				INFOPLIST_KEY_CFBundleDisplayName = KeyboardExtension;
				INFOPLIST_KEY_NSHumanReadableCopyright = "";
				IPHONEOS_DEPLOYMENT_TARGET = 16.4;
				LD_RUNPATH_SEARCH_PATHS = (
					"$(inherited)",
					"@executable_path/Frameworks",
					"@executable_path/../../Frameworks",
				);
				MARKETING_VERSION = 1.0;
				PRODUCT_BUNDLE_IDENTIFIER = com.bannzai.Photomark.KeyboardExtension;
				PRODUCT_NAME = "$(TARGET_NAME)";
				SDKROOT = iphoneos;
				SKIP_INSTALL = YES;
				SWIFT_EMIT_LOC_STRINGS = YES;
				SWIFT_VERSION = 5.0;
				TARGETED_DEVICE_FAMILY = "1,2";
			};
			name = Debug;
		};
		20D658C82AA0260100298589 /* Release */ = {
			isa = XCBuildConfiguration;
			buildSettings = {
				CLANG_CXX_LANGUAGE_STANDARD = "gnu++20";
				CODE_SIGN_ENTITLEMENTS = KeyboardExtension/KeyboardExtension.entitlements;
				CODE_SIGN_STYLE = Automatic;
				CURRENT_PROJECT_VERSION = 1;
				DEVELOPMENT_TEAM = TQPN82UBBY;
				GENERATE_INFOPLIST_FILE = YES;
				INFOPLIST_FILE = KeyboardExtension/Info.plist;
				INFOPLIST_KEY_CFBundleDisplayName = KeyboardExtension;
				INFOPLIST_KEY_NSHumanReadableCopyright = "";
				IPHONEOS_DEPLOYMENT_TARGET = 16.4;
				LD_RUNPATH_SEARCH_PATHS = (
					"$(inherited)",
					"@executable_path/Frameworks",
					"@executable_path/../../Frameworks",
				);
				MARKETING_VERSION = 1.0;
				PRODUCT_BUNDLE_IDENTIFIER = com.bannzai.Photomark.KeyboardExtension;
				PRODUCT_NAME = "$(TARGET_NAME)";
				SDKROOT = iphoneos;
				SKIP_INSTALL = YES;
				SWIFT_EMIT_LOC_STRINGS = YES;
				SWIFT_VERSION = 5.0;
				TARGETED_DEVICE_FAMILY = "1,2";
				VALIDATE_PRODUCT = YES;
			};
			name = Release;
		};
/* End XCBuildConfiguration section */

/* Begin XCConfigurationList section */
		2086F750279AD67600BBA8D4 /* Build configuration list for PBXProject "Photomark" */ = {
			isa = XCConfigurationList;
			buildConfigurations = (
				2086F76F279AD67600BBA8D4 /* Debug */,
				2086F770279AD67600BBA8D4 /* Release */,
			);
			defaultConfigurationIsVisible = 0;
			defaultConfigurationName = Release;
		};
		2086F771279AD67600BBA8D4 /* Build configuration list for PBXNativeTarget "Photomark (iOS)" */ = {
			isa = XCConfigurationList;
			buildConfigurations = (
				2086F772279AD67600BBA8D4 /* Debug */,
				2086F773279AD67600BBA8D4 /* Release */,
			);
			defaultConfigurationIsVisible = 0;
			defaultConfigurationName = Release;
		};
		2086F774279AD67600BBA8D4 /* Build configuration list for PBXNativeTarget "Photomark (macOS)" */ = {
			isa = XCConfigurationList;
			buildConfigurations = (
				2086F775279AD67600BBA8D4 /* Debug */,
				2086F776279AD67600BBA8D4 /* Release */,
			);
			defaultConfigurationIsVisible = 0;
			defaultConfigurationName = Release;
		};
		20D658C62AA0260100298589 /* Build configuration list for PBXNativeTarget "KeyboardExtension" */ = {
			isa = XCConfigurationList;
			buildConfigurations = (
				20D658C72AA0260100298589 /* Debug */,
				20D658C82AA0260100298589 /* Release */,
			);
			defaultConfigurationIsVisible = 0;
			defaultConfigurationName = Release;
		};
/* End XCConfigurationList section */

/* Begin XCVersionGroup section */
		2086F752279AD67600BBA8D4 /* Photomark.xcdatamodeld */ = {
			isa = XCVersionGroup;
			children = (
				2086F753279AD67600BBA8D4 /* Shared.xcdatamodel */,
			);
			currentVersion = 2086F753279AD67600BBA8D4 /* Shared.xcdatamodel */;
			path = Photomark.xcdatamodeld;
			sourceTree = "<group>";
			versionGroupType = wrapper.xcdatamodel;
		};
/* End XCVersionGroup section */
	};
	rootObject = 2086F74D279AD67600BBA8D4 /* Project object */;
}
